
Microsoft Visual Studio Solution File, Format Version 12.00
# Visual Studio 14
VisualStudioVersion = 14.0.25420.1
MinimumVisualStudioVersion = 10.0.40219.1
Project("{FAE04EC0-301F-11D3-BF4B-00C04F79EFBC}") = "2017.05.22 - PF - Greeting", "2017.05.22 - PF - Greating\2017.05.22 - PF - Greeting.csproj", "{12402D6E-09D4-4190-9AD5-3C18CA434A4A}"
EndProject
Project("{FAE04EC0-301F-11D3-BF4B-00C04F79EFBC}") = "2017.05.22 - PF - Add Two Numbers", "2017.05.22 - PF - Add Two Numbers\2017.05.22 - PF - Add Two Numbers.csproj", "{1F629B36-FBFC-4FC7-BFDB-7B593FD88847}"
EndProject
Project("{FAE04EC0-301F-11D3-BF4B-00C04F79EFBC}") = "2017.05.22 - PF - Employee Data", "2017.05.22 - PF - Employee Data\2017.05.22 - PF - Employee Data.csproj", "{97A2A9A2-7C9E-4F8B-9FD8-365F15C7AC77}"
EndProject
Global
	GlobalSection(SolutionConfigurationPlatforms) = preSolution
		Debug|Any CPU = Debug|Any CPU
		Release|Any CPU = Release|Any CPU
	EndGlobalSection
	GlobalSection(ProjectConfigurationPlatforms) = postSolution
		{12402D6E-09D4-4190-9AD5-3C18CA434A4A}.Debug|Any CPU.ActiveCfg = Debug|Any CPU
		{12402D6E-09D4-4190-9AD5-3C18CA434A4A}.Debug|Any CPU.Build.0 = Debug|Any CPU
		{12402D6E-09D4-4190-9AD5-3C18CA434A4A}.Release|Any CPU.ActiveCfg = Release|Any CPU
		{12402D6E-09D4-4190-9AD5-3C18CA434A4A}.Release|Any CPU.Build.0 = Release|Any CPU
		{1F629B36-FBFC-4FC7-BFDB-7B593FD88847}.Debug|Any CPU.ActiveCfg = Debug|Any CPU
		{1F629B36-FBFC-4FC7-BFDB-7B593FD88847}.Debug|Any CPU.Build.0 = Debug|Any CPU
		{1F629B36-FBFC-4FC7-BFDB-7B593FD88847}.Release|Any CPU.ActiveCfg = Release|Any CPU
		{1F629B36-FBFC-4FC7-BFDB-7B593FD88847}.Release|Any CPU.Build.0 = Release|Any CPU
		{97A2A9A2-7C9E-4F8B-9FD8-365F15C7AC77}.Debug|Any CPU.ActiveCfg = Debug|Any CPU
		{97A2A9A2-7C9E-4F8B-9FD8-365F15C7AC77}.Debug|Any CPU.Build.0 = Debug|Any CPU
		{97A2A9A2-7C9E-4F8B-9FD8-365F15C7AC77}.Release|Any CPU.ActiveCfg = Release|Any CPU
		{97A2A9A2-7C9E-4F8B-9FD8-365F15C7AC77}.Release|Any CPU.Build.0 = Release|Any CPU
	EndGlobalSection
	GlobalSection(SolutionProperties) = preSolution
		HideSolutionNode = FALSE
	EndGlobalSection
EndGlobal
