
Microsoft Visual Studio Solution File, Format Version 12.00
# Visual Studio 14
VisualStudioVersion = 14.0.25420.1
MinimumVisualStudioVersion = 10.0.40219.1
Project("{FAE04EC0-301F-11D3-BF4B-00C04F79EFBC}") = "1. Odd Lines", "Exercises Files, Directories\1. Odd Lines.csproj", "{59B9469B-8FBE-426B-999D-7BDC3E170177}"
EndProject
Project("{FAE04EC0-301F-11D3-BF4B-00C04F79EFBC}") = "2. Line Numbers", "2. Line Numbers\2. Line Numbers.csproj", "{D2F55E07-7153-4246-ACE5-FE4A8997D36D}"
EndProject
Project("{FAE04EC0-301F-11D3-BF4B-00C04F79EFBC}") = "3. Word Count", "3. Word Count\3. Word Count.csproj", "{17E15401-461F-41F0-BD4A-C87F50782B42}"
EndProject
Project("{FAE04EC0-301F-11D3-BF4B-00C04F79EFBC}") = "4. Merge Files", "4. Merge Files\4. Merge Files.csproj", "{F45F4AC1-50E1-4671-A91C-2800903F301B}"
EndProject
Project("{FAE04EC0-301F-11D3-BF4B-00C04F79EFBC}") = "5. Folder Size", "5. Folder Size\5. Folder Size.csproj", "{7BD58748-1619-45A2-9451-E5595091CF27}"
EndProject
Global
	GlobalSection(SolutionConfigurationPlatforms) = preSolution
		Debug|Any CPU = Debug|Any CPU
		Release|Any CPU = Release|Any CPU
	EndGlobalSection
	GlobalSection(ProjectConfigurationPlatforms) = postSolution
		{59B9469B-8FBE-426B-999D-7BDC3E170177}.Debug|Any CPU.ActiveCfg = Debug|Any CPU
		{59B9469B-8FBE-426B-999D-7BDC3E170177}.Debug|Any CPU.Build.0 = Debug|Any CPU
		{59B9469B-8FBE-426B-999D-7BDC3E170177}.Release|Any CPU.ActiveCfg = Release|Any CPU
		{59B9469B-8FBE-426B-999D-7BDC3E170177}.Release|Any CPU.Build.0 = Release|Any CPU
		{D2F55E07-7153-4246-ACE5-FE4A8997D36D}.Debug|Any CPU.ActiveCfg = Debug|Any CPU
		{D2F55E07-7153-4246-ACE5-FE4A8997D36D}.Debug|Any CPU.Build.0 = Debug|Any CPU
		{D2F55E07-7153-4246-ACE5-FE4A8997D36D}.Release|Any CPU.ActiveCfg = Release|Any CPU
		{D2F55E07-7153-4246-ACE5-FE4A8997D36D}.Release|Any CPU.Build.0 = Release|Any CPU
		{17E15401-461F-41F0-BD4A-C87F50782B42}.Debug|Any CPU.ActiveCfg = Debug|Any CPU
		{17E15401-461F-41F0-BD4A-C87F50782B42}.Debug|Any CPU.Build.0 = Debug|Any CPU
		{17E15401-461F-41F0-BD4A-C87F50782B42}.Release|Any CPU.ActiveCfg = Release|Any CPU
		{17E15401-461F-41F0-BD4A-C87F50782B42}.Release|Any CPU.Build.0 = Release|Any CPU
		{F45F4AC1-50E1-4671-A91C-2800903F301B}.Debug|Any CPU.ActiveCfg = Debug|Any CPU
		{F45F4AC1-50E1-4671-A91C-2800903F301B}.Debug|Any CPU.Build.0 = Debug|Any CPU
		{F45F4AC1-50E1-4671-A91C-2800903F301B}.Release|Any CPU.ActiveCfg = Release|Any CPU
		{F45F4AC1-50E1-4671-A91C-2800903F301B}.Release|Any CPU.Build.0 = Release|Any CPU
		{7BD58748-1619-45A2-9451-E5595091CF27}.Debug|Any CPU.ActiveCfg = Debug|Any CPU
		{7BD58748-1619-45A2-9451-E5595091CF27}.Debug|Any CPU.Build.0 = Debug|Any CPU
		{7BD58748-1619-45A2-9451-E5595091CF27}.Release|Any CPU.ActiveCfg = Release|Any CPU
		{7BD58748-1619-45A2-9451-E5595091CF27}.Release|Any CPU.Build.0 = Release|Any CPU
	EndGlobalSection
	GlobalSection(SolutionProperties) = preSolution
		HideSolutionNode = FALSE
	EndGlobalSection
EndGlobal
