
Microsoft Visual Studio Solution File, Format Version 12.00
# Visual Studio 15
VisualStudioVersion = 15.0.26730.12
MinimumVisualStudioVersion = 10.0.40219.1
Project("{FAE04EC0-301F-11D3-BF4B-00C04F79EFBC}") = "Problem 1. Unique Usernames", "Problem 1. Unique Usernames\Problem 1. Unique Usernames.csproj", "{F4B76B27-8B1B-404E-98DB-E077C2AA1883}"
EndProject
Project("{FAE04EC0-301F-11D3-BF4B-00C04F79EFBC}") = "Problem 2. Sets of Elements", "Problem 2. Sets of Elements\Problem 2. Sets of Elements.csproj", "{BCA4BFC7-DC36-4EE1-964B-2918BDE58AA3}"
EndProject
Project("{FAE04EC0-301F-11D3-BF4B-00C04F79EFBC}") = "Problem 3. Periodic Table", "Problem 3. Periodic Table\Problem 3. Periodic Table.csproj", "{4BF784B4-8A14-40F1-A172-5F7D0600FA27}"
EndProject
Project("{FAE04EC0-301F-11D3-BF4B-00C04F79EFBC}") = "Problem 4. Count Symbols", "Problem 4. Count Symbols\Problem 4. Count Symbols.csproj", "{DD05FBC3-B49D-4ED2-9183-47C8231EFFB9}"
EndProject
Project("{FAE04EC0-301F-11D3-BF4B-00C04F79EFBC}") = "Problem 5. Phonebook", "Problem 5. Phonebook\Problem 5. Phonebook.csproj", "{D157F0EA-54ED-4AB0-848B-F519854A9351}"
EndProject
Project("{FAE04EC0-301F-11D3-BF4B-00C04F79EFBC}") = "06. A Miner's Task", "06. A Miner's Task\06. A Miner's Task.csproj", "{AF68519D-CBE6-4A7C-B9F8-6C33F2418976}"
EndProject
Project("{FAE04EC0-301F-11D3-BF4B-00C04F79EFBC}") = "06. A Miner's Task_Rev2", "06. A Miner's Task_Rev2\06. A Miner's Task_Rev2.csproj", "{741BB906-0096-4FD2-A71B-2ADA1BAEAB9C}"
EndProject
Project("{FAE04EC0-301F-11D3-BF4B-00C04F79EFBC}") = "Problem 7. Fix emails", "Problem 7. Fix emails\Problem 7. Fix emails.csproj", "{2A40400E-8375-4D77-8FEC-94B06C0669B4}"
EndProject
Project("{FAE04EC0-301F-11D3-BF4B-00C04F79EFBC}") = "Problem 8. Hands of cards", "Problem 8. Hands of cards\Problem 8. Hands of cards.csproj", "{0883F7E1-659D-4F11-AE9D-44DB070AA29D}"
EndProject
Project("{FAE04EC0-301F-11D3-BF4B-00C04F79EFBC}") = "08. Hands of Cards_Rev2", "08. Hands of Cards_Rev2\08. Hands of Cards_Rev2.csproj", "{70FFCFE4-FF29-47C1-8B9F-7E4FC8713868}"
EndProject
Project("{FAE04EC0-301F-11D3-BF4B-00C04F79EFBC}") = "Problem 9. User Logs", "Problem 9. User Logs\Problem 9. User Logs.csproj", "{6C78F030-303E-457A-8747-93739247E07E}"
EndProject
Project("{FAE04EC0-301F-11D3-BF4B-00C04F79EFBC}") = "09. User Logs_Rev2", "09. User Logs_Rev2\09. User Logs_Rev2.csproj", "{7A26ED76-E181-4F34-91A2-FDDC4799A755}"
EndProject
Project("{FAE04EC0-301F-11D3-BF4B-00C04F79EFBC}") = "10. Population Counter", "10. Population Counter\10. Population Counter.csproj", "{5C8AA70F-3ABB-4D18-9353-83947D340504}"
EndProject
Project("{FAE04EC0-301F-11D3-BF4B-00C04F79EFBC}") = "Problem 11. Logs Aggregator", "Problem 11. Logs Aggregator\Problem 11. Logs Aggregator.csproj", "{3BBCA274-4C87-455D-88FC-36AC8E37878D}"
EndProject
Project("{FAE04EC0-301F-11D3-BF4B-00C04F79EFBC}") = "11. Logs Aggregator_Rev2", "11. Logs Aggregator_Rev2\11. Logs Aggregator_Rev2.csproj", "{ECA526CE-A7F1-4C1E-85A2-90F319970AB2}"
EndProject
Project("{FAE04EC0-301F-11D3-BF4B-00C04F79EFBC}") = "Problem 12. Legendary Farming", "Problem 12. Legendary Farming\Problem 12. Legendary Farming.csproj", "{BD304B22-DCF7-4C04-AB07-5445A79556DC}"
EndProject
Project("{FAE04EC0-301F-11D3-BF4B-00C04F79EFBC}") = "12. Legendary Farming_Rev2", "12. Legendary Farming_Rev2\12. Legendary Farming_Rev2.csproj", "{084AD4E7-3903-4D04-B9D2-D258BEAC790C}"
EndProject
Project("{FAE04EC0-301F-11D3-BF4B-00C04F79EFBC}") = "Problem 13.  Сръбско Unleashed", "Problem 13.  Сръбско Unleashed\Problem 13.  Сръбско Unleashed.csproj", "{61AF42CF-101C-44D6-BFC4-D0EFF39CBE1B}"
EndProject
Project("{FAE04EC0-301F-11D3-BF4B-00C04F79EFBC}") = "Problem 13.  Сръбско Unleashed_Rev2", "Problem 13.  Сръбско Unleashed_Rev2\Problem 13.  Сръбско Unleashed_Rev2.csproj", "{954048ED-2A83-49DE-91A4-F3AE5E46F9C3}"
EndProject
Project("{FAE04EC0-301F-11D3-BF4B-00C04F79EFBC}") = "Problem 14. Dragon Army", "Problem 14. Dragon Army\Problem 14. Dragon Army.csproj", "{B7D4B8C8-EA0F-4C6A-91A3-820E97F8725A}"
EndProject
Global
	GlobalSection(SolutionConfigurationPlatforms) = preSolution
		Debug|Any CPU = Debug|Any CPU
		Release|Any CPU = Release|Any CPU
	EndGlobalSection
	GlobalSection(ProjectConfigurationPlatforms) = postSolution
		{F4B76B27-8B1B-404E-98DB-E077C2AA1883}.Debug|Any CPU.ActiveCfg = Debug|Any CPU
		{F4B76B27-8B1B-404E-98DB-E077C2AA1883}.Debug|Any CPU.Build.0 = Debug|Any CPU
		{F4B76B27-8B1B-404E-98DB-E077C2AA1883}.Release|Any CPU.ActiveCfg = Release|Any CPU
		{F4B76B27-8B1B-404E-98DB-E077C2AA1883}.Release|Any CPU.Build.0 = Release|Any CPU
		{BCA4BFC7-DC36-4EE1-964B-2918BDE58AA3}.Debug|Any CPU.ActiveCfg = Debug|Any CPU
		{BCA4BFC7-DC36-4EE1-964B-2918BDE58AA3}.Debug|Any CPU.Build.0 = Debug|Any CPU
		{BCA4BFC7-DC36-4EE1-964B-2918BDE58AA3}.Release|Any CPU.ActiveCfg = Release|Any CPU
		{BCA4BFC7-DC36-4EE1-964B-2918BDE58AA3}.Release|Any CPU.Build.0 = Release|Any CPU
		{4BF784B4-8A14-40F1-A172-5F7D0600FA27}.Debug|Any CPU.ActiveCfg = Debug|Any CPU
		{4BF784B4-8A14-40F1-A172-5F7D0600FA27}.Debug|Any CPU.Build.0 = Debug|Any CPU
		{4BF784B4-8A14-40F1-A172-5F7D0600FA27}.Release|Any CPU.ActiveCfg = Release|Any CPU
		{4BF784B4-8A14-40F1-A172-5F7D0600FA27}.Release|Any CPU.Build.0 = Release|Any CPU
		{DD05FBC3-B49D-4ED2-9183-47C8231EFFB9}.Debug|Any CPU.ActiveCfg = Debug|Any CPU
		{DD05FBC3-B49D-4ED2-9183-47C8231EFFB9}.Debug|Any CPU.Build.0 = Debug|Any CPU
		{DD05FBC3-B49D-4ED2-9183-47C8231EFFB9}.Release|Any CPU.ActiveCfg = Release|Any CPU
		{DD05FBC3-B49D-4ED2-9183-47C8231EFFB9}.Release|Any CPU.Build.0 = Release|Any CPU
		{D157F0EA-54ED-4AB0-848B-F519854A9351}.Debug|Any CPU.ActiveCfg = Debug|Any CPU
		{D157F0EA-54ED-4AB0-848B-F519854A9351}.Debug|Any CPU.Build.0 = Debug|Any CPU
		{D157F0EA-54ED-4AB0-848B-F519854A9351}.Release|Any CPU.ActiveCfg = Release|Any CPU
		{D157F0EA-54ED-4AB0-848B-F519854A9351}.Release|Any CPU.Build.0 = Release|Any CPU
		{AF68519D-CBE6-4A7C-B9F8-6C33F2418976}.Debug|Any CPU.ActiveCfg = Debug|Any CPU
		{AF68519D-CBE6-4A7C-B9F8-6C33F2418976}.Debug|Any CPU.Build.0 = Debug|Any CPU
		{AF68519D-CBE6-4A7C-B9F8-6C33F2418976}.Release|Any CPU.ActiveCfg = Release|Any CPU
		{AF68519D-CBE6-4A7C-B9F8-6C33F2418976}.Release|Any CPU.Build.0 = Release|Any CPU
		{741BB906-0096-4FD2-A71B-2ADA1BAEAB9C}.Debug|Any CPU.ActiveCfg = Debug|Any CPU
		{741BB906-0096-4FD2-A71B-2ADA1BAEAB9C}.Debug|Any CPU.Build.0 = Debug|Any CPU
		{741BB906-0096-4FD2-A71B-2ADA1BAEAB9C}.Release|Any CPU.ActiveCfg = Release|Any CPU
		{741BB906-0096-4FD2-A71B-2ADA1BAEAB9C}.Release|Any CPU.Build.0 = Release|Any CPU
		{2A40400E-8375-4D77-8FEC-94B06C0669B4}.Debug|Any CPU.ActiveCfg = Debug|Any CPU
		{2A40400E-8375-4D77-8FEC-94B06C0669B4}.Debug|Any CPU.Build.0 = Debug|Any CPU
		{2A40400E-8375-4D77-8FEC-94B06C0669B4}.Release|Any CPU.ActiveCfg = Release|Any CPU
		{2A40400E-8375-4D77-8FEC-94B06C0669B4}.Release|Any CPU.Build.0 = Release|Any CPU
		{0883F7E1-659D-4F11-AE9D-44DB070AA29D}.Debug|Any CPU.ActiveCfg = Debug|Any CPU
		{0883F7E1-659D-4F11-AE9D-44DB070AA29D}.Debug|Any CPU.Build.0 = Debug|Any CPU
		{0883F7E1-659D-4F11-AE9D-44DB070AA29D}.Release|Any CPU.ActiveCfg = Release|Any CPU
		{0883F7E1-659D-4F11-AE9D-44DB070AA29D}.Release|Any CPU.Build.0 = Release|Any CPU
		{70FFCFE4-FF29-47C1-8B9F-7E4FC8713868}.Debug|Any CPU.ActiveCfg = Debug|Any CPU
		{70FFCFE4-FF29-47C1-8B9F-7E4FC8713868}.Debug|Any CPU.Build.0 = Debug|Any CPU
		{70FFCFE4-FF29-47C1-8B9F-7E4FC8713868}.Release|Any CPU.ActiveCfg = Release|Any CPU
		{70FFCFE4-FF29-47C1-8B9F-7E4FC8713868}.Release|Any CPU.Build.0 = Release|Any CPU
		{6C78F030-303E-457A-8747-93739247E07E}.Debug|Any CPU.ActiveCfg = Debug|Any CPU
		{6C78F030-303E-457A-8747-93739247E07E}.Debug|Any CPU.Build.0 = Debug|Any CPU
		{6C78F030-303E-457A-8747-93739247E07E}.Release|Any CPU.ActiveCfg = Release|Any CPU
		{6C78F030-303E-457A-8747-93739247E07E}.Release|Any CPU.Build.0 = Release|Any CPU
		{7A26ED76-E181-4F34-91A2-FDDC4799A755}.Debug|Any CPU.ActiveCfg = Debug|Any CPU
		{7A26ED76-E181-4F34-91A2-FDDC4799A755}.Debug|Any CPU.Build.0 = Debug|Any CPU
		{7A26ED76-E181-4F34-91A2-FDDC4799A755}.Release|Any CPU.ActiveCfg = Release|Any CPU
		{7A26ED76-E181-4F34-91A2-FDDC4799A755}.Release|Any CPU.Build.0 = Release|Any CPU
		{5C8AA70F-3ABB-4D18-9353-83947D340504}.Debug|Any CPU.ActiveCfg = Debug|Any CPU
		{5C8AA70F-3ABB-4D18-9353-83947D340504}.Debug|Any CPU.Build.0 = Debug|Any CPU
		{5C8AA70F-3ABB-4D18-9353-83947D340504}.Release|Any CPU.ActiveCfg = Release|Any CPU
		{5C8AA70F-3ABB-4D18-9353-83947D340504}.Release|Any CPU.Build.0 = Release|Any CPU
		{3BBCA274-4C87-455D-88FC-36AC8E37878D}.Debug|Any CPU.ActiveCfg = Debug|Any CPU
		{3BBCA274-4C87-455D-88FC-36AC8E37878D}.Debug|Any CPU.Build.0 = Debug|Any CPU
		{3BBCA274-4C87-455D-88FC-36AC8E37878D}.Release|Any CPU.ActiveCfg = Release|Any CPU
		{3BBCA274-4C87-455D-88FC-36AC8E37878D}.Release|Any CPU.Build.0 = Release|Any CPU
		{ECA526CE-A7F1-4C1E-85A2-90F319970AB2}.Debug|Any CPU.ActiveCfg = Debug|Any CPU
		{ECA526CE-A7F1-4C1E-85A2-90F319970AB2}.Debug|Any CPU.Build.0 = Debug|Any CPU
		{ECA526CE-A7F1-4C1E-85A2-90F319970AB2}.Release|Any CPU.ActiveCfg = Release|Any CPU
		{ECA526CE-A7F1-4C1E-85A2-90F319970AB2}.Release|Any CPU.Build.0 = Release|Any CPU
		{BD304B22-DCF7-4C04-AB07-5445A79556DC}.Debug|Any CPU.ActiveCfg = Debug|Any CPU
		{BD304B22-DCF7-4C04-AB07-5445A79556DC}.Debug|Any CPU.Build.0 = Debug|Any CPU
		{BD304B22-DCF7-4C04-AB07-5445A79556DC}.Release|Any CPU.ActiveCfg = Release|Any CPU
		{BD304B22-DCF7-4C04-AB07-5445A79556DC}.Release|Any CPU.Build.0 = Release|Any CPU
		{084AD4E7-3903-4D04-B9D2-D258BEAC790C}.Debug|Any CPU.ActiveCfg = Debug|Any CPU
		{084AD4E7-3903-4D04-B9D2-D258BEAC790C}.Debug|Any CPU.Build.0 = Debug|Any CPU
		{084AD4E7-3903-4D04-B9D2-D258BEAC790C}.Release|Any CPU.ActiveCfg = Release|Any CPU
		{084AD4E7-3903-4D04-B9D2-D258BEAC790C}.Release|Any CPU.Build.0 = Release|Any CPU
		{61AF42CF-101C-44D6-BFC4-D0EFF39CBE1B}.Debug|Any CPU.ActiveCfg = Debug|Any CPU
		{61AF42CF-101C-44D6-BFC4-D0EFF39CBE1B}.Debug|Any CPU.Build.0 = Debug|Any CPU
		{61AF42CF-101C-44D6-BFC4-D0EFF39CBE1B}.Release|Any CPU.ActiveCfg = Release|Any CPU
		{61AF42CF-101C-44D6-BFC4-D0EFF39CBE1B}.Release|Any CPU.Build.0 = Release|Any CPU
		{954048ED-2A83-49DE-91A4-F3AE5E46F9C3}.Debug|Any CPU.ActiveCfg = Debug|Any CPU
		{954048ED-2A83-49DE-91A4-F3AE5E46F9C3}.Debug|Any CPU.Build.0 = Debug|Any CPU
		{954048ED-2A83-49DE-91A4-F3AE5E46F9C3}.Release|Any CPU.ActiveCfg = Release|Any CPU
		{954048ED-2A83-49DE-91A4-F3AE5E46F9C3}.Release|Any CPU.Build.0 = Release|Any CPU
		{B7D4B8C8-EA0F-4C6A-91A3-820E97F8725A}.Debug|Any CPU.ActiveCfg = Debug|Any CPU
		{B7D4B8C8-EA0F-4C6A-91A3-820E97F8725A}.Debug|Any CPU.Build.0 = Debug|Any CPU
		{B7D4B8C8-EA0F-4C6A-91A3-820E97F8725A}.Release|Any CPU.ActiveCfg = Release|Any CPU
		{B7D4B8C8-EA0F-4C6A-91A3-820E97F8725A}.Release|Any CPU.Build.0 = Release|Any CPU
	EndGlobalSection
	GlobalSection(SolutionProperties) = preSolution
		HideSolutionNode = FALSE
	EndGlobalSection
	GlobalSection(ExtensibilityGlobals) = postSolution
		SolutionGuid = {8F09734A-CE6C-4412-80EC-4D8ED3A14A01}
	EndGlobalSection
EndGlobal
