
Microsoft Visual Studio Solution File, Format Version 12.00
# Visual Studio 14
VisualStudioVersion = 14.0.25420.1
MinimumVisualStudioVersion = 10.0.40219.1
Project("{FAE04EC0-301F-11D3-BF4B-00C04F79EFBC}") = "PF - 1. Count Real Numbers", "PF - 1. Count Real Numbers\PF - 1. Count Real Numbers.csproj", "{24F097D0-C12A-4322-9C29-6144F5A87C5D}"
EndProject
Project("{FAE04EC0-301F-11D3-BF4B-00C04F79EFBC}") = "PF - 2. Odd Occurrences", "PF - 2. Odd Occurrences\PF - 2. Odd Occurrences.csproj", "{E17902C4-9DD0-4D86-A454-BA4B9E446A5A}"
EndProject
Project("{FAE04EC0-301F-11D3-BF4B-00C04F79EFBC}") = "PF - 3. Sum, Min, Max, Average", "PF - 3. Sum, Min, Max, Average\PF - 3. Sum, Min, Max, Average.csproj", "{DDA9C072-C020-48B8-BAB1-8E67932DE3CB}"
EndProject
Project("{FAE04EC0-301F-11D3-BF4B-00C04F79EFBC}") = "PF - 4. Largest 3 Numbers", "PF - 4. Largest 3 Numbers\PF - 4. Largest 3 Numbers.csproj", "{726209CC-D488-4429-968C-C5FB5B6F19ED}"
EndProject
Project("{FAE04EC0-301F-11D3-BF4B-00C04F79EFBC}") = "PF - 5. Short Words Sorted", "PF - 5. Short Words Sorted\PF - 5. Short Words Sorted.csproj", "{420CBE92-E554-453D-9357-C1515602F328}"
EndProject
Project("{FAE04EC0-301F-11D3-BF4B-00C04F79EFBC}") = "PF - 6. Fold and Sum", "PF - 6. Fold and Sum\PF - 6. Fold and Sum.csproj", "{98EC9568-CEF6-4C4E-A48F-8D900ACD1F9C}"
EndProject
Global
	GlobalSection(SolutionConfigurationPlatforms) = preSolution
		Debug|Any CPU = Debug|Any CPU
		Release|Any CPU = Release|Any CPU
	EndGlobalSection
	GlobalSection(ProjectConfigurationPlatforms) = postSolution
		{24F097D0-C12A-4322-9C29-6144F5A87C5D}.Debug|Any CPU.ActiveCfg = Debug|Any CPU
		{24F097D0-C12A-4322-9C29-6144F5A87C5D}.Debug|Any CPU.Build.0 = Debug|Any CPU
		{24F097D0-C12A-4322-9C29-6144F5A87C5D}.Release|Any CPU.ActiveCfg = Release|Any CPU
		{24F097D0-C12A-4322-9C29-6144F5A87C5D}.Release|Any CPU.Build.0 = Release|Any CPU
		{E17902C4-9DD0-4D86-A454-BA4B9E446A5A}.Debug|Any CPU.ActiveCfg = Debug|Any CPU
		{E17902C4-9DD0-4D86-A454-BA4B9E446A5A}.Debug|Any CPU.Build.0 = Debug|Any CPU
		{E17902C4-9DD0-4D86-A454-BA4B9E446A5A}.Release|Any CPU.ActiveCfg = Release|Any CPU
		{E17902C4-9DD0-4D86-A454-BA4B9E446A5A}.Release|Any CPU.Build.0 = Release|Any CPU
		{DDA9C072-C020-48B8-BAB1-8E67932DE3CB}.Debug|Any CPU.ActiveCfg = Debug|Any CPU
		{DDA9C072-C020-48B8-BAB1-8E67932DE3CB}.Debug|Any CPU.Build.0 = Debug|Any CPU
		{DDA9C072-C020-48B8-BAB1-8E67932DE3CB}.Release|Any CPU.ActiveCfg = Release|Any CPU
		{DDA9C072-C020-48B8-BAB1-8E67932DE3CB}.Release|Any CPU.Build.0 = Release|Any CPU
		{726209CC-D488-4429-968C-C5FB5B6F19ED}.Debug|Any CPU.ActiveCfg = Debug|Any CPU
		{726209CC-D488-4429-968C-C5FB5B6F19ED}.Debug|Any CPU.Build.0 = Debug|Any CPU
		{726209CC-D488-4429-968C-C5FB5B6F19ED}.Release|Any CPU.ActiveCfg = Release|Any CPU
		{726209CC-D488-4429-968C-C5FB5B6F19ED}.Release|Any CPU.Build.0 = Release|Any CPU
		{420CBE92-E554-453D-9357-C1515602F328}.Debug|Any CPU.ActiveCfg = Debug|Any CPU
		{420CBE92-E554-453D-9357-C1515602F328}.Debug|Any CPU.Build.0 = Debug|Any CPU
		{420CBE92-E554-453D-9357-C1515602F328}.Release|Any CPU.ActiveCfg = Release|Any CPU
		{420CBE92-E554-453D-9357-C1515602F328}.Release|Any CPU.Build.0 = Release|Any CPU
		{98EC9568-CEF6-4C4E-A48F-8D900ACD1F9C}.Debug|Any CPU.ActiveCfg = Debug|Any CPU
		{98EC9568-CEF6-4C4E-A48F-8D900ACD1F9C}.Debug|Any CPU.Build.0 = Debug|Any CPU
		{98EC9568-CEF6-4C4E-A48F-8D900ACD1F9C}.Release|Any CPU.ActiveCfg = Release|Any CPU
		{98EC9568-CEF6-4C4E-A48F-8D900ACD1F9C}.Release|Any CPU.Build.0 = Release|Any CPU
	EndGlobalSection
	GlobalSection(SolutionProperties) = preSolution
		HideSolutionNode = FALSE
	EndGlobalSection
EndGlobal
