
Microsoft Visual Studio Solution File, Format Version 12.00
# Visual Studio 14
VisualStudioVersion = 14.0.25420.1
MinimumVisualStudioVersion = 10.0.40219.1
Project("{FAE04EC0-301F-11D3-BF4B-00C04F79EFBC}") = "1. Remove Negatives and Reverse", "Lab Lists\1. Remove Negatives and Reverse.csproj", "{289BB67B-1FB4-43BA-A6E2-5789443CAE8B}"
EndProject
Project("{FAE04EC0-301F-11D3-BF4B-00C04F79EFBC}") = "2. Append Lists", "2. Append Lists\2. Append Lists.csproj", "{6800AFC7-16F4-4AAA-BDB4-F9919F9BF5B0}"
EndProject
Project("{FAE04EC0-301F-11D3-BF4B-00C04F79EFBC}") = "3. Sum Adjacent Equal Numbers", "3. Sum Adjacent Equal Numbers\3. Sum Adjacent Equal Numbers.csproj", "{AB238636-5989-41EB-9A4C-BDD1CDDA1831}"
EndProject
Project("{FAE04EC0-301F-11D3-BF4B-00C04F79EFBC}") = "4. Split by Word Casing", "4. Split by Word Casing\4. Split by Word Casing.csproj", "{C00D462C-A3FC-455C-B648-F0710198C181}"
EndProject
Project("{FAE04EC0-301F-11D3-BF4B-00C04F79EFBC}") = "4. Split by Word Casing_Rev2", "4. Split by Word Casing_Rev2\4. Split by Word Casing_Rev2.csproj", "{46AB8B5B-2FB5-462C-A07D-0EF0609522E5}"
EndProject
Project("{FAE04EC0-301F-11D3-BF4B-00C04F79EFBC}") = "5. Sort Numbers", "5. Sort Numbers\5. Sort Numbers.csproj", "{4A6D70F0-D0B2-4232-B067-DA2CDA6D91EC}"
EndProject
Project("{FAE04EC0-301F-11D3-BF4B-00C04F79EFBC}") = "5. Sort Numbers_Rev2", "5. Sort Numbers_Rev2\5. Sort Numbers_Rev2.csproj", "{0B5187F0-8810-4DD1-A6F2-47CC7824B1AB}"
EndProject
Project("{FAE04EC0-301F-11D3-BF4B-00C04F79EFBC}") = "6. Square Numbers", "6. Square Numbers\6. Square Numbers.csproj", "{CE6CB4C3-C5B0-4454-9259-E8DC8295334E}"
EndProject
Project("{FAE04EC0-301F-11D3-BF4B-00C04F79EFBC}") = "6. Square Numbers_Rev2", "6. Square Numbers_Rev2\6. Square Numbers_Rev2.csproj", "{4C862528-E2F5-4F90-A7C9-EB49C10F54AD}"
EndProject
Project("{FAE04EC0-301F-11D3-BF4B-00C04F79EFBC}") = "7. Count Numbers", "7. Count Numbers\7. Count Numbers.csproj", "{14F6F770-85FC-4EE4-A539-A5803E186CD6}"
EndProject
Global
	GlobalSection(SolutionConfigurationPlatforms) = preSolution
		Debug|Any CPU = Debug|Any CPU
		Release|Any CPU = Release|Any CPU
	EndGlobalSection
	GlobalSection(ProjectConfigurationPlatforms) = postSolution
		{289BB67B-1FB4-43BA-A6E2-5789443CAE8B}.Debug|Any CPU.ActiveCfg = Debug|Any CPU
		{289BB67B-1FB4-43BA-A6E2-5789443CAE8B}.Debug|Any CPU.Build.0 = Debug|Any CPU
		{289BB67B-1FB4-43BA-A6E2-5789443CAE8B}.Release|Any CPU.ActiveCfg = Release|Any CPU
		{289BB67B-1FB4-43BA-A6E2-5789443CAE8B}.Release|Any CPU.Build.0 = Release|Any CPU
		{6800AFC7-16F4-4AAA-BDB4-F9919F9BF5B0}.Debug|Any CPU.ActiveCfg = Debug|Any CPU
		{6800AFC7-16F4-4AAA-BDB4-F9919F9BF5B0}.Debug|Any CPU.Build.0 = Debug|Any CPU
		{6800AFC7-16F4-4AAA-BDB4-F9919F9BF5B0}.Release|Any CPU.ActiveCfg = Release|Any CPU
		{6800AFC7-16F4-4AAA-BDB4-F9919F9BF5B0}.Release|Any CPU.Build.0 = Release|Any CPU
		{AB238636-5989-41EB-9A4C-BDD1CDDA1831}.Debug|Any CPU.ActiveCfg = Debug|Any CPU
		{AB238636-5989-41EB-9A4C-BDD1CDDA1831}.Debug|Any CPU.Build.0 = Debug|Any CPU
		{AB238636-5989-41EB-9A4C-BDD1CDDA1831}.Release|Any CPU.ActiveCfg = Release|Any CPU
		{AB238636-5989-41EB-9A4C-BDD1CDDA1831}.Release|Any CPU.Build.0 = Release|Any CPU
		{C00D462C-A3FC-455C-B648-F0710198C181}.Debug|Any CPU.ActiveCfg = Debug|Any CPU
		{C00D462C-A3FC-455C-B648-F0710198C181}.Debug|Any CPU.Build.0 = Debug|Any CPU
		{C00D462C-A3FC-455C-B648-F0710198C181}.Release|Any CPU.ActiveCfg = Release|Any CPU
		{C00D462C-A3FC-455C-B648-F0710198C181}.Release|Any CPU.Build.0 = Release|Any CPU
		{46AB8B5B-2FB5-462C-A07D-0EF0609522E5}.Debug|Any CPU.ActiveCfg = Debug|Any CPU
		{46AB8B5B-2FB5-462C-A07D-0EF0609522E5}.Debug|Any CPU.Build.0 = Debug|Any CPU
		{46AB8B5B-2FB5-462C-A07D-0EF0609522E5}.Release|Any CPU.ActiveCfg = Release|Any CPU
		{46AB8B5B-2FB5-462C-A07D-0EF0609522E5}.Release|Any CPU.Build.0 = Release|Any CPU
		{4A6D70F0-D0B2-4232-B067-DA2CDA6D91EC}.Debug|Any CPU.ActiveCfg = Debug|Any CPU
		{4A6D70F0-D0B2-4232-B067-DA2CDA6D91EC}.Debug|Any CPU.Build.0 = Debug|Any CPU
		{4A6D70F0-D0B2-4232-B067-DA2CDA6D91EC}.Release|Any CPU.ActiveCfg = Release|Any CPU
		{4A6D70F0-D0B2-4232-B067-DA2CDA6D91EC}.Release|Any CPU.Build.0 = Release|Any CPU
		{0B5187F0-8810-4DD1-A6F2-47CC7824B1AB}.Debug|Any CPU.ActiveCfg = Debug|Any CPU
		{0B5187F0-8810-4DD1-A6F2-47CC7824B1AB}.Debug|Any CPU.Build.0 = Debug|Any CPU
		{0B5187F0-8810-4DD1-A6F2-47CC7824B1AB}.Release|Any CPU.ActiveCfg = Release|Any CPU
		{0B5187F0-8810-4DD1-A6F2-47CC7824B1AB}.Release|Any CPU.Build.0 = Release|Any CPU
		{CE6CB4C3-C5B0-4454-9259-E8DC8295334E}.Debug|Any CPU.ActiveCfg = Debug|Any CPU
		{CE6CB4C3-C5B0-4454-9259-E8DC8295334E}.Debug|Any CPU.Build.0 = Debug|Any CPU
		{CE6CB4C3-C5B0-4454-9259-E8DC8295334E}.Release|Any CPU.ActiveCfg = Release|Any CPU
		{CE6CB4C3-C5B0-4454-9259-E8DC8295334E}.Release|Any CPU.Build.0 = Release|Any CPU
		{4C862528-E2F5-4F90-A7C9-EB49C10F54AD}.Debug|Any CPU.ActiveCfg = Debug|Any CPU
		{4C862528-E2F5-4F90-A7C9-EB49C10F54AD}.Debug|Any CPU.Build.0 = Debug|Any CPU
		{4C862528-E2F5-4F90-A7C9-EB49C10F54AD}.Release|Any CPU.ActiveCfg = Release|Any CPU
		{4C862528-E2F5-4F90-A7C9-EB49C10F54AD}.Release|Any CPU.Build.0 = Release|Any CPU
		{14F6F770-85FC-4EE4-A539-A5803E186CD6}.Debug|Any CPU.ActiveCfg = Debug|Any CPU
		{14F6F770-85FC-4EE4-A539-A5803E186CD6}.Debug|Any CPU.Build.0 = Debug|Any CPU
		{14F6F770-85FC-4EE4-A539-A5803E186CD6}.Release|Any CPU.ActiveCfg = Release|Any CPU
		{14F6F770-85FC-4EE4-A539-A5803E186CD6}.Release|Any CPU.Build.0 = Release|Any CPU
	EndGlobalSection
	GlobalSection(SolutionProperties) = preSolution
		HideSolutionNode = FALSE
	EndGlobalSection
EndGlobal
