
Microsoft Visual Studio Solution File, Format Version 12.00
# Visual Studio 14
VisualStudioVersion = 14.0.25420.1
MinimumVisualStudioVersion = 10.0.40219.1
Project("{FAE04EC0-301F-11D3-BF4B-00C04F79EFBC}") = "Problem 1. SoftUni Coffee Orders", "Exam Preparation III\Problem 1. SoftUni Coffee Orders.csproj", "{FD083063-2019-48E2-ABC8-D2D0BB6F27F5}"
EndProject
Project("{FAE04EC0-301F-11D3-BF4B-00C04F79EFBC}") = "Problem 2 – Command Interpreter", "Problem 2 – Command Interpreter\Problem 2 – Command Interpreter.csproj", "{A6A6B971-45B5-4260-BD0C-A0B87597BCAA}"
EndProject
Project("{FAE04EC0-301F-11D3-BF4B-00C04F79EFBC}") = "Problem 2 – Command Interpreter_Rev2", "Rev2\Problem 2 – Command Interpreter_Rev2.csproj", "{A0ED5FBA-A75D-49F0-9911-6C75F6FC672B}"
EndProject
Project("{FAE04EC0-301F-11D3-BF4B-00C04F79EFBC}") = "Problem 3 – Rage Quit", "Problem 3 – Rage Quit\Problem 3 – Rage Quit.csproj", "{3FE9FD73-4C3C-48A9-A72C-709D8DB98CBB}"
EndProject
Project("{FAE04EC0-301F-11D3-BF4B-00C04F79EFBC}") = "Problem 3 – Rage Quit_Rev2", "re\Problem 3 – Rage Quit_Rev2.csproj", "{C89F71A2-EAAA-4EFD-A2AF-D3419DD8F6B6}"
EndProject
Project("{FAE04EC0-301F-11D3-BF4B-00C04F79EFBC}") = "Problem 3 – Rage Quit_Rev3", "Problem 3 – Rage Quit_Rev3\Problem 3 – Rage Quit_Rev3.csproj", "{018DAE1B-59AE-46C2-B6CC-CC5C23F286CB}"
EndProject
Project("{FAE04EC0-301F-11D3-BF4B-00C04F79EFBC}") = "Problem 3 – Rage Quit_Rev4", "er\Problem 3 – Rage Quit_Rev4.csproj", "{28BE10C9-39A8-49AE-BEB4-FBE3BD418EBC}"
EndProject
Project("{FAE04EC0-301F-11D3-BF4B-00C04F79EFBC}") = "Problem 4. Files", "Problem 4. Files\Problem 4. Files.csproj", "{C8AA94E1-B08F-4C27-B9B3-EC5BEDE2F910}"
EndProject
Global
	GlobalSection(SolutionConfigurationPlatforms) = preSolution
		Debug|Any CPU = Debug|Any CPU
		Release|Any CPU = Release|Any CPU
	EndGlobalSection
	GlobalSection(ProjectConfigurationPlatforms) = postSolution
		{FD083063-2019-48E2-ABC8-D2D0BB6F27F5}.Debug|Any CPU.ActiveCfg = Debug|Any CPU
		{FD083063-2019-48E2-ABC8-D2D0BB6F27F5}.Debug|Any CPU.Build.0 = Debug|Any CPU
		{FD083063-2019-48E2-ABC8-D2D0BB6F27F5}.Release|Any CPU.ActiveCfg = Release|Any CPU
		{FD083063-2019-48E2-ABC8-D2D0BB6F27F5}.Release|Any CPU.Build.0 = Release|Any CPU
		{A6A6B971-45B5-4260-BD0C-A0B87597BCAA}.Debug|Any CPU.ActiveCfg = Debug|Any CPU
		{A6A6B971-45B5-4260-BD0C-A0B87597BCAA}.Debug|Any CPU.Build.0 = Debug|Any CPU
		{A6A6B971-45B5-4260-BD0C-A0B87597BCAA}.Release|Any CPU.ActiveCfg = Release|Any CPU
		{A6A6B971-45B5-4260-BD0C-A0B87597BCAA}.Release|Any CPU.Build.0 = Release|Any CPU
		{A0ED5FBA-A75D-49F0-9911-6C75F6FC672B}.Debug|Any CPU.ActiveCfg = Debug|Any CPU
		{A0ED5FBA-A75D-49F0-9911-6C75F6FC672B}.Debug|Any CPU.Build.0 = Debug|Any CPU
		{A0ED5FBA-A75D-49F0-9911-6C75F6FC672B}.Release|Any CPU.ActiveCfg = Release|Any CPU
		{A0ED5FBA-A75D-49F0-9911-6C75F6FC672B}.Release|Any CPU.Build.0 = Release|Any CPU
		{3FE9FD73-4C3C-48A9-A72C-709D8DB98CBB}.Debug|Any CPU.ActiveCfg = Debug|Any CPU
		{3FE9FD73-4C3C-48A9-A72C-709D8DB98CBB}.Debug|Any CPU.Build.0 = Debug|Any CPU
		{3FE9FD73-4C3C-48A9-A72C-709D8DB98CBB}.Release|Any CPU.ActiveCfg = Release|Any CPU
		{3FE9FD73-4C3C-48A9-A72C-709D8DB98CBB}.Release|Any CPU.Build.0 = Release|Any CPU
		{C89F71A2-EAAA-4EFD-A2AF-D3419DD8F6B6}.Debug|Any CPU.ActiveCfg = Debug|Any CPU
		{C89F71A2-EAAA-4EFD-A2AF-D3419DD8F6B6}.Debug|Any CPU.Build.0 = Debug|Any CPU
		{C89F71A2-EAAA-4EFD-A2AF-D3419DD8F6B6}.Release|Any CPU.ActiveCfg = Release|Any CPU
		{C89F71A2-EAAA-4EFD-A2AF-D3419DD8F6B6}.Release|Any CPU.Build.0 = Release|Any CPU
		{018DAE1B-59AE-46C2-B6CC-CC5C23F286CB}.Debug|Any CPU.ActiveCfg = Debug|Any CPU
		{018DAE1B-59AE-46C2-B6CC-CC5C23F286CB}.Debug|Any CPU.Build.0 = Debug|Any CPU
		{018DAE1B-59AE-46C2-B6CC-CC5C23F286CB}.Release|Any CPU.ActiveCfg = Release|Any CPU
		{018DAE1B-59AE-46C2-B6CC-CC5C23F286CB}.Release|Any CPU.Build.0 = Release|Any CPU
		{28BE10C9-39A8-49AE-BEB4-FBE3BD418EBC}.Debug|Any CPU.ActiveCfg = Debug|Any CPU
		{28BE10C9-39A8-49AE-BEB4-FBE3BD418EBC}.Debug|Any CPU.Build.0 = Debug|Any CPU
		{28BE10C9-39A8-49AE-BEB4-FBE3BD418EBC}.Release|Any CPU.ActiveCfg = Release|Any CPU
		{28BE10C9-39A8-49AE-BEB4-FBE3BD418EBC}.Release|Any CPU.Build.0 = Release|Any CPU
		{C8AA94E1-B08F-4C27-B9B3-EC5BEDE2F910}.Debug|Any CPU.ActiveCfg = Debug|Any CPU
		{C8AA94E1-B08F-4C27-B9B3-EC5BEDE2F910}.Debug|Any CPU.Build.0 = Debug|Any CPU
		{C8AA94E1-B08F-4C27-B9B3-EC5BEDE2F910}.Release|Any CPU.ActiveCfg = Release|Any CPU
		{C8AA94E1-B08F-4C27-B9B3-EC5BEDE2F910}.Release|Any CPU.Build.0 = Release|Any CPU
	EndGlobalSection
	GlobalSection(SolutionProperties) = preSolution
		HideSolutionNode = FALSE
	EndGlobalSection
EndGlobal
