
Microsoft Visual Studio Solution File, Format Version 12.00
# Visual Studio 14
VisualStudioVersion = 14.0.25420.1
MinimumVisualStudioVersion = 10.0.40219.1
Project("{FAE04EC0-301F-11D3-BF4B-00C04F79EFBC}") = "1. Max Sequence of Equal Elements", "Exercises Lists\1. Max Sequence of Equal Elements.csproj", "{43261C8E-3C01-4957-9D6E-67FE54512DE4}"
EndProject
Project("{FAE04EC0-301F-11D3-BF4B-00C04F79EFBC}") = "2. Change List", "2. Change List\2. Change List.csproj", "{01E4A4FF-9147-4AA6-81FD-6F3CCFE9A233}"
EndProject
Project("{FAE04EC0-301F-11D3-BF4B-00C04F79EFBC}") = "3. Search for a Number", "3. Search for a Number\3. Search for a Number.csproj", "{11B87233-8810-4050-8345-D93E407AC82C}"
EndProject
Project("{FAE04EC0-301F-11D3-BF4B-00C04F79EFBC}") = "4. Longest Increasing Subsequence (LIS)", "4. Longest Increasing Subsequence (LIS)\4. Longest Increasing Subsequence (LIS).csproj", "{8A7FCC81-187B-461B-8EF2-D2197255A412}"
EndProject
Project("{FAE04EC0-301F-11D3-BF4B-00C04F79EFBC}") = "5. Array Manipulator", "5. Array Manipulator\5. Array Manipulator.csproj", "{4CC072A7-6BA3-405F-B344-A1E8FCF93289}"
EndProject
Project("{FAE04EC0-301F-11D3-BF4B-00C04F79EFBC}") = "6. Sum Reversed Numbers", "6. Sum Reversed Numbers\6. Sum Reversed Numbers.csproj", "{02B88977-4F6C-419F-88B9-C5A417E7B458}"
EndProject
Project("{FAE04EC0-301F-11D3-BF4B-00C04F79EFBC}") = "7. Bomb Numbers", "7. Bomb Numbers\7. Bomb Numbers.csproj", "{BF4B501F-6A28-4635-83A3-DECAE0050833}"
EndProject
Project("{FAE04EC0-301F-11D3-BF4B-00C04F79EFBC}") = "7. Bomb Numbers_Rev2", "7. Bomb Numbers_Rev2\7. Bomb Numbers_Rev2.csproj", "{68564139-AC3C-41D5-839B-B8672BC42B03}"
EndProject
Project("{FAE04EC0-301F-11D3-BF4B-00C04F79EFBC}") = "6. Sum Reversed Numbers_Rev2", "6. Sum Reversed Numbers_Rev2\6. Sum Reversed Numbers_Rev2.csproj", "{D9B82A4B-1B9D-4FC8-8413-0FBCCFE506B8}"
EndProject
Project("{FAE04EC0-301F-11D3-BF4B-00C04F79EFBC}") = "6. Sum Reversed Numbers_Rev3", "ConsoleApplication1\6. Sum Reversed Numbers_Rev3.csproj", "{11446B27-4F3F-44B3-97A8-E4F068472FE8}"
EndProject
Global
	GlobalSection(SolutionConfigurationPlatforms) = preSolution
		Debug|Any CPU = Debug|Any CPU
		Release|Any CPU = Release|Any CPU
	EndGlobalSection
	GlobalSection(ProjectConfigurationPlatforms) = postSolution
		{43261C8E-3C01-4957-9D6E-67FE54512DE4}.Debug|Any CPU.ActiveCfg = Debug|Any CPU
		{43261C8E-3C01-4957-9D6E-67FE54512DE4}.Debug|Any CPU.Build.0 = Debug|Any CPU
		{43261C8E-3C01-4957-9D6E-67FE54512DE4}.Release|Any CPU.ActiveCfg = Release|Any CPU
		{43261C8E-3C01-4957-9D6E-67FE54512DE4}.Release|Any CPU.Build.0 = Release|Any CPU
		{01E4A4FF-9147-4AA6-81FD-6F3CCFE9A233}.Debug|Any CPU.ActiveCfg = Debug|Any CPU
		{01E4A4FF-9147-4AA6-81FD-6F3CCFE9A233}.Debug|Any CPU.Build.0 = Debug|Any CPU
		{01E4A4FF-9147-4AA6-81FD-6F3CCFE9A233}.Release|Any CPU.ActiveCfg = Release|Any CPU
		{01E4A4FF-9147-4AA6-81FD-6F3CCFE9A233}.Release|Any CPU.Build.0 = Release|Any CPU
		{11B87233-8810-4050-8345-D93E407AC82C}.Debug|Any CPU.ActiveCfg = Debug|Any CPU
		{11B87233-8810-4050-8345-D93E407AC82C}.Debug|Any CPU.Build.0 = Debug|Any CPU
		{11B87233-8810-4050-8345-D93E407AC82C}.Release|Any CPU.ActiveCfg = Release|Any CPU
		{11B87233-8810-4050-8345-D93E407AC82C}.Release|Any CPU.Build.0 = Release|Any CPU
		{8A7FCC81-187B-461B-8EF2-D2197255A412}.Debug|Any CPU.ActiveCfg = Debug|Any CPU
		{8A7FCC81-187B-461B-8EF2-D2197255A412}.Debug|Any CPU.Build.0 = Debug|Any CPU
		{8A7FCC81-187B-461B-8EF2-D2197255A412}.Release|Any CPU.ActiveCfg = Release|Any CPU
		{8A7FCC81-187B-461B-8EF2-D2197255A412}.Release|Any CPU.Build.0 = Release|Any CPU
		{4CC072A7-6BA3-405F-B344-A1E8FCF93289}.Debug|Any CPU.ActiveCfg = Debug|Any CPU
		{4CC072A7-6BA3-405F-B344-A1E8FCF93289}.Debug|Any CPU.Build.0 = Debug|Any CPU
		{4CC072A7-6BA3-405F-B344-A1E8FCF93289}.Release|Any CPU.ActiveCfg = Release|Any CPU
		{4CC072A7-6BA3-405F-B344-A1E8FCF93289}.Release|Any CPU.Build.0 = Release|Any CPU
		{02B88977-4F6C-419F-88B9-C5A417E7B458}.Debug|Any CPU.ActiveCfg = Debug|Any CPU
		{02B88977-4F6C-419F-88B9-C5A417E7B458}.Debug|Any CPU.Build.0 = Debug|Any CPU
		{02B88977-4F6C-419F-88B9-C5A417E7B458}.Release|Any CPU.ActiveCfg = Release|Any CPU
		{02B88977-4F6C-419F-88B9-C5A417E7B458}.Release|Any CPU.Build.0 = Release|Any CPU
		{BF4B501F-6A28-4635-83A3-DECAE0050833}.Debug|Any CPU.ActiveCfg = Debug|Any CPU
		{BF4B501F-6A28-4635-83A3-DECAE0050833}.Debug|Any CPU.Build.0 = Debug|Any CPU
		{BF4B501F-6A28-4635-83A3-DECAE0050833}.Release|Any CPU.ActiveCfg = Release|Any CPU
		{BF4B501F-6A28-4635-83A3-DECAE0050833}.Release|Any CPU.Build.0 = Release|Any CPU
		{68564139-AC3C-41D5-839B-B8672BC42B03}.Debug|Any CPU.ActiveCfg = Debug|Any CPU
		{68564139-AC3C-41D5-839B-B8672BC42B03}.Debug|Any CPU.Build.0 = Debug|Any CPU
		{68564139-AC3C-41D5-839B-B8672BC42B03}.Release|Any CPU.ActiveCfg = Release|Any CPU
		{68564139-AC3C-41D5-839B-B8672BC42B03}.Release|Any CPU.Build.0 = Release|Any CPU
		{D9B82A4B-1B9D-4FC8-8413-0FBCCFE506B8}.Debug|Any CPU.ActiveCfg = Debug|Any CPU
		{D9B82A4B-1B9D-4FC8-8413-0FBCCFE506B8}.Debug|Any CPU.Build.0 = Debug|Any CPU
		{D9B82A4B-1B9D-4FC8-8413-0FBCCFE506B8}.Release|Any CPU.ActiveCfg = Release|Any CPU
		{D9B82A4B-1B9D-4FC8-8413-0FBCCFE506B8}.Release|Any CPU.Build.0 = Release|Any CPU
		{11446B27-4F3F-44B3-97A8-E4F068472FE8}.Debug|Any CPU.ActiveCfg = Debug|Any CPU
		{11446B27-4F3F-44B3-97A8-E4F068472FE8}.Debug|Any CPU.Build.0 = Debug|Any CPU
		{11446B27-4F3F-44B3-97A8-E4F068472FE8}.Release|Any CPU.ActiveCfg = Release|Any CPU
		{11446B27-4F3F-44B3-97A8-E4F068472FE8}.Release|Any CPU.Build.0 = Release|Any CPU
	EndGlobalSection
	GlobalSection(SolutionProperties) = preSolution
		HideSolutionNode = FALSE
	EndGlobalSection
EndGlobal
