
Microsoft Visual Studio Solution File, Format Version 12.00
# Visual Studio 14
VisualStudioVersion = 14.0.25420.1
MinimumVisualStudioVersion = 10.0.40219.1
Project("{FAE04EC0-301F-11D3-BF4B-00C04F79EFBC}") = "1. Match full name", "Lab Regular Expressions (RegEx)\1. Match full name.csproj", "{4C5762C4-0548-4CA1-8181-0C6243BFE648}"
EndProject
Project("{FAE04EC0-301F-11D3-BF4B-00C04F79EFBC}") = "2. Match phone number", "2. Match phone number\2. Match phone number.csproj", "{8CE37AEF-7FB1-4A79-BB46-2DDF7F425B22}"
EndProject
Project("{FAE04EC0-301F-11D3-BF4B-00C04F79EFBC}") = "7. Replace a tag", "7. Replace a tag\7. Replace a tag.csproj", "{970F8574-A2F2-410B-9510-4E364E5484CD}"
EndProject
Project("{FAE04EC0-301F-11D3-BF4B-00C04F79EFBC}") = "3. Match Hexadecimal Numbers", "3. Match Hexadecimal Numbers\3. Match Hexadecimal Numbers.csproj", "{E06E3D00-E675-4DB6-8250-1B84ED9A7685}"
EndProject
Project("{FAE04EC0-301F-11D3-BF4B-00C04F79EFBC}") = "4. Match Dates", "4. Match Dates\4. Match Dates.csproj", "{B4D5E06C-DEAB-4E04-8C1E-70457D06F9CD}"
EndProject
Project("{FAE04EC0-301F-11D3-BF4B-00C04F79EFBC}") = "2. Match phone number_Rev2", "2. Match phone number_Rev2\2. Match phone number_Rev2.csproj", "{F607AB51-F517-4EBF-BC2B-BBFD8870B963}"
EndProject
Project("{FAE04EC0-301F-11D3-BF4B-00C04F79EFBC}") = "4. Match Dates_Rev2", "4. Match Dates_Rev2\4. Match Dates_Rev2.csproj", "{E653D096-4231-4309-8A85-EE9E6274D1E4}"
EndProject
Project("{FAE04EC0-301F-11D3-BF4B-00C04F79EFBC}") = "5. Match Numbers", "5. Match Numbers\5. Match Numbers.csproj", "{7720A7D7-F50B-4E90-8737-01A68046D3CE}"
EndProject
Project("{FAE04EC0-301F-11D3-BF4B-00C04F79EFBC}") = "6. Replace a Tag", "6. Replace a Tag\6. Replace a Tag.csproj", "{57991835-4D0B-43B0-B00E-6BC4546CAA82}"
EndProject
Global
	GlobalSection(SolutionConfigurationPlatforms) = preSolution
		Debug|Any CPU = Debug|Any CPU
		Release|Any CPU = Release|Any CPU
	EndGlobalSection
	GlobalSection(ProjectConfigurationPlatforms) = postSolution
		{4C5762C4-0548-4CA1-8181-0C6243BFE648}.Debug|Any CPU.ActiveCfg = Debug|Any CPU
		{4C5762C4-0548-4CA1-8181-0C6243BFE648}.Debug|Any CPU.Build.0 = Debug|Any CPU
		{4C5762C4-0548-4CA1-8181-0C6243BFE648}.Release|Any CPU.ActiveCfg = Release|Any CPU
		{4C5762C4-0548-4CA1-8181-0C6243BFE648}.Release|Any CPU.Build.0 = Release|Any CPU
		{8CE37AEF-7FB1-4A79-BB46-2DDF7F425B22}.Debug|Any CPU.ActiveCfg = Debug|Any CPU
		{8CE37AEF-7FB1-4A79-BB46-2DDF7F425B22}.Debug|Any CPU.Build.0 = Debug|Any CPU
		{8CE37AEF-7FB1-4A79-BB46-2DDF7F425B22}.Release|Any CPU.ActiveCfg = Release|Any CPU
		{8CE37AEF-7FB1-4A79-BB46-2DDF7F425B22}.Release|Any CPU.Build.0 = Release|Any CPU
		{970F8574-A2F2-410B-9510-4E364E5484CD}.Debug|Any CPU.ActiveCfg = Debug|Any CPU
		{970F8574-A2F2-410B-9510-4E364E5484CD}.Debug|Any CPU.Build.0 = Debug|Any CPU
		{970F8574-A2F2-410B-9510-4E364E5484CD}.Release|Any CPU.ActiveCfg = Release|Any CPU
		{970F8574-A2F2-410B-9510-4E364E5484CD}.Release|Any CPU.Build.0 = Release|Any CPU
		{E06E3D00-E675-4DB6-8250-1B84ED9A7685}.Debug|Any CPU.ActiveCfg = Debug|Any CPU
		{E06E3D00-E675-4DB6-8250-1B84ED9A7685}.Debug|Any CPU.Build.0 = Debug|Any CPU
		{E06E3D00-E675-4DB6-8250-1B84ED9A7685}.Release|Any CPU.ActiveCfg = Release|Any CPU
		{E06E3D00-E675-4DB6-8250-1B84ED9A7685}.Release|Any CPU.Build.0 = Release|Any CPU
		{B4D5E06C-DEAB-4E04-8C1E-70457D06F9CD}.Debug|Any CPU.ActiveCfg = Debug|Any CPU
		{B4D5E06C-DEAB-4E04-8C1E-70457D06F9CD}.Debug|Any CPU.Build.0 = Debug|Any CPU
		{B4D5E06C-DEAB-4E04-8C1E-70457D06F9CD}.Release|Any CPU.ActiveCfg = Release|Any CPU
		{B4D5E06C-DEAB-4E04-8C1E-70457D06F9CD}.Release|Any CPU.Build.0 = Release|Any CPU
		{F607AB51-F517-4EBF-BC2B-BBFD8870B963}.Debug|Any CPU.ActiveCfg = Debug|Any CPU
		{F607AB51-F517-4EBF-BC2B-BBFD8870B963}.Debug|Any CPU.Build.0 = Debug|Any CPU
		{F607AB51-F517-4EBF-BC2B-BBFD8870B963}.Release|Any CPU.ActiveCfg = Release|Any CPU
		{F607AB51-F517-4EBF-BC2B-BBFD8870B963}.Release|Any CPU.Build.0 = Release|Any CPU
		{E653D096-4231-4309-8A85-EE9E6274D1E4}.Debug|Any CPU.ActiveCfg = Debug|Any CPU
		{E653D096-4231-4309-8A85-EE9E6274D1E4}.Debug|Any CPU.Build.0 = Debug|Any CPU
		{E653D096-4231-4309-8A85-EE9E6274D1E4}.Release|Any CPU.ActiveCfg = Release|Any CPU
		{E653D096-4231-4309-8A85-EE9E6274D1E4}.Release|Any CPU.Build.0 = Release|Any CPU
		{7720A7D7-F50B-4E90-8737-01A68046D3CE}.Debug|Any CPU.ActiveCfg = Debug|Any CPU
		{7720A7D7-F50B-4E90-8737-01A68046D3CE}.Debug|Any CPU.Build.0 = Debug|Any CPU
		{7720A7D7-F50B-4E90-8737-01A68046D3CE}.Release|Any CPU.ActiveCfg = Release|Any CPU
		{7720A7D7-F50B-4E90-8737-01A68046D3CE}.Release|Any CPU.Build.0 = Release|Any CPU
		{57991835-4D0B-43B0-B00E-6BC4546CAA82}.Debug|Any CPU.ActiveCfg = Debug|Any CPU
		{57991835-4D0B-43B0-B00E-6BC4546CAA82}.Debug|Any CPU.Build.0 = Debug|Any CPU
		{57991835-4D0B-43B0-B00E-6BC4546CAA82}.Release|Any CPU.ActiveCfg = Release|Any CPU
		{57991835-4D0B-43B0-B00E-6BC4546CAA82}.Release|Any CPU.Build.0 = Release|Any CPU
	EndGlobalSection
	GlobalSection(SolutionProperties) = preSolution
		HideSolutionNode = FALSE
	EndGlobalSection
EndGlobal
