
Microsoft Visual Studio Solution File, Format Version 12.00
# Visual Studio 14
VisualStudioVersion = 14.0.25420.1
MinimumVisualStudioVersion = 10.0.40219.1
Project("{FAE04EC0-301F-11D3-BF4B-00C04F79EFBC}") = "1. Reverse string", "Lab Strings and Text Processing\1. Reverse string.csproj", "{05B0128E-5552-4764-A41E-6CC96461E5A5}"
EndProject
Project("{FAE04EC0-301F-11D3-BF4B-00C04F79EFBC}") = "2. Count substring occurrences", "2. Count substring occurrences\2. Count substring occurrences.csproj", "{288215F4-92DD-4B75-B627-DD9A1003703A}"
EndProject
Project("{FAE04EC0-301F-11D3-BF4B-00C04F79EFBC}") = "3. Text filter", "3. Text filter\3. Text filter.csproj", "{ADB0E2F5-B629-4B4E-B335-D21048696187}"
EndProject
Project("{FAE04EC0-301F-11D3-BF4B-00C04F79EFBC}") = "4. Palindromes", "4. Palindromes\4. Palindromes.csproj", "{388380B5-1C21-4273-9D18-133C9AD741B6}"
EndProject
Global
	GlobalSection(SolutionConfigurationPlatforms) = preSolution
		Debug|Any CPU = Debug|Any CPU
		Release|Any CPU = Release|Any CPU
	EndGlobalSection
	GlobalSection(ProjectConfigurationPlatforms) = postSolution
		{05B0128E-5552-4764-A41E-6CC96461E5A5}.Debug|Any CPU.ActiveCfg = Debug|Any CPU
		{05B0128E-5552-4764-A41E-6CC96461E5A5}.Debug|Any CPU.Build.0 = Debug|Any CPU
		{05B0128E-5552-4764-A41E-6CC96461E5A5}.Release|Any CPU.ActiveCfg = Release|Any CPU
		{05B0128E-5552-4764-A41E-6CC96461E5A5}.Release|Any CPU.Build.0 = Release|Any CPU
		{288215F4-92DD-4B75-B627-DD9A1003703A}.Debug|Any CPU.ActiveCfg = Debug|Any CPU
		{288215F4-92DD-4B75-B627-DD9A1003703A}.Debug|Any CPU.Build.0 = Debug|Any CPU
		{288215F4-92DD-4B75-B627-DD9A1003703A}.Release|Any CPU.ActiveCfg = Release|Any CPU
		{288215F4-92DD-4B75-B627-DD9A1003703A}.Release|Any CPU.Build.0 = Release|Any CPU
		{ADB0E2F5-B629-4B4E-B335-D21048696187}.Debug|Any CPU.ActiveCfg = Debug|Any CPU
		{ADB0E2F5-B629-4B4E-B335-D21048696187}.Debug|Any CPU.Build.0 = Debug|Any CPU
		{ADB0E2F5-B629-4B4E-B335-D21048696187}.Release|Any CPU.ActiveCfg = Release|Any CPU
		{ADB0E2F5-B629-4B4E-B335-D21048696187}.Release|Any CPU.Build.0 = Release|Any CPU
		{388380B5-1C21-4273-9D18-133C9AD741B6}.Debug|Any CPU.ActiveCfg = Debug|Any CPU
		{388380B5-1C21-4273-9D18-133C9AD741B6}.Debug|Any CPU.Build.0 = Debug|Any CPU
		{388380B5-1C21-4273-9D18-133C9AD741B6}.Release|Any CPU.ActiveCfg = Release|Any CPU
		{388380B5-1C21-4273-9D18-133C9AD741B6}.Release|Any CPU.Build.0 = Release|Any CPU
	EndGlobalSection
	GlobalSection(SolutionProperties) = preSolution
		HideSolutionNode = FALSE
	EndGlobalSection
EndGlobal
