
Microsoft Visual Studio Solution File, Format Version 12.00
# Visual Studio 14
VisualStudioVersion = 14.0.25420.1
MinimumVisualStudioVersion = 10.0.40219.1
Project("{FAE04EC0-301F-11D3-BF4B-00C04F79EFBC}") = "1. Extract emails", "Exercises Regular Expressions (RegEx)\1. Extract emails.csproj", "{7E342280-95E9-4B1B-AE69-D2B89753CAA1}"
EndProject
Project("{FAE04EC0-301F-11D3-BF4B-00C04F79EFBC}") = "2. Extract sentences by keyword", "2. Extract sentences by keyword\2. Extract sentences by keyword.csproj", "{FDD686C7-893B-482B-8ECF-C47D3B59C453}"
EndProject
Project("{FAE04EC0-301F-11D3-BF4B-00C04F79EFBC}") = "3. Valid Usernames", "3. Valid Usernames\3. Valid Usernames.csproj", "{4EB3A97B-A2F5-439D-B218-CA616E123727}"
EndProject
Project("{FAE04EC0-301F-11D3-BF4B-00C04F79EFBC}") = "4. Query Mess", "4. Query Mess\4. Query Mess.csproj", "{A3BAA8A6-C5BD-4D6A-9CC3-34F63645B635}"
EndProject
Project("{FAE04EC0-301F-11D3-BF4B-00C04F79EFBC}") = "5. Use Your Chains, Buddy", "5. Use Your Chains, Buddy\5. Use Your Chains, Buddy.csproj", "{297F8CF3-0116-4ED9-8024-01254ACE9A07}"
EndProject
Project("{FAE04EC0-301F-11D3-BF4B-00C04F79EFBC}") = "5. Use Your Chains, Buddy_Rev2", "5. Use Your Chains, Buddy_Rev2\5. Use Your Chains, Buddy_Rev2.csproj", "{EB9BD705-AAD2-4CFD-972D-C25CCB65FF8F}"
EndProject
Project("{FAE04EC0-301F-11D3-BF4B-00C04F79EFBC}") = "6. Camera View", "6. Camera View\6. Camera View.csproj", "{D7A0B4C3-DF1A-41F0-8637-1981F639A076}"
EndProject
Project("{FAE04EC0-301F-11D3-BF4B-00C04F79EFBC}") = "7. Weather", "4. Weather\7. Weather.csproj", "{C7B551A3-4734-4FD6-899F-53D618B16062}"
EndProject
Project("{FAE04EC0-301F-11D3-BF4B-00C04F79EFBC}") = "8. Key Replacer", "8. Key Replacer\8. Key Replacer.csproj", "{35D28CD4-707C-430A-AB60-C459C4529280}"
EndProject
Project("{FAE04EC0-301F-11D3-BF4B-00C04F79EFBC}") = "4. Weather_Rev2", "4. Weather_Rev2\4. Weather_Rev2.csproj", "{090D44CD-9B25-4498-8C17-F4A45E25D47E}"
EndProject
Global
	GlobalSection(SolutionConfigurationPlatforms) = preSolution
		Debug|Any CPU = Debug|Any CPU
		Release|Any CPU = Release|Any CPU
	EndGlobalSection
	GlobalSection(ProjectConfigurationPlatforms) = postSolution
		{7E342280-95E9-4B1B-AE69-D2B89753CAA1}.Debug|Any CPU.ActiveCfg = Debug|Any CPU
		{7E342280-95E9-4B1B-AE69-D2B89753CAA1}.Debug|Any CPU.Build.0 = Debug|Any CPU
		{7E342280-95E9-4B1B-AE69-D2B89753CAA1}.Release|Any CPU.ActiveCfg = Release|Any CPU
		{7E342280-95E9-4B1B-AE69-D2B89753CAA1}.Release|Any CPU.Build.0 = Release|Any CPU
		{FDD686C7-893B-482B-8ECF-C47D3B59C453}.Debug|Any CPU.ActiveCfg = Debug|Any CPU
		{FDD686C7-893B-482B-8ECF-C47D3B59C453}.Debug|Any CPU.Build.0 = Debug|Any CPU
		{FDD686C7-893B-482B-8ECF-C47D3B59C453}.Release|Any CPU.ActiveCfg = Release|Any CPU
		{FDD686C7-893B-482B-8ECF-C47D3B59C453}.Release|Any CPU.Build.0 = Release|Any CPU
		{4EB3A97B-A2F5-439D-B218-CA616E123727}.Debug|Any CPU.ActiveCfg = Debug|Any CPU
		{4EB3A97B-A2F5-439D-B218-CA616E123727}.Debug|Any CPU.Build.0 = Debug|Any CPU
		{4EB3A97B-A2F5-439D-B218-CA616E123727}.Release|Any CPU.ActiveCfg = Release|Any CPU
		{4EB3A97B-A2F5-439D-B218-CA616E123727}.Release|Any CPU.Build.0 = Release|Any CPU
		{A3BAA8A6-C5BD-4D6A-9CC3-34F63645B635}.Debug|Any CPU.ActiveCfg = Debug|Any CPU
		{A3BAA8A6-C5BD-4D6A-9CC3-34F63645B635}.Debug|Any CPU.Build.0 = Debug|Any CPU
		{A3BAA8A6-C5BD-4D6A-9CC3-34F63645B635}.Release|Any CPU.ActiveCfg = Release|Any CPU
		{A3BAA8A6-C5BD-4D6A-9CC3-34F63645B635}.Release|Any CPU.Build.0 = Release|Any CPU
		{297F8CF3-0116-4ED9-8024-01254ACE9A07}.Debug|Any CPU.ActiveCfg = Debug|Any CPU
		{297F8CF3-0116-4ED9-8024-01254ACE9A07}.Debug|Any CPU.Build.0 = Debug|Any CPU
		{297F8CF3-0116-4ED9-8024-01254ACE9A07}.Release|Any CPU.ActiveCfg = Release|Any CPU
		{297F8CF3-0116-4ED9-8024-01254ACE9A07}.Release|Any CPU.Build.0 = Release|Any CPU
		{EB9BD705-AAD2-4CFD-972D-C25CCB65FF8F}.Debug|Any CPU.ActiveCfg = Debug|Any CPU
		{EB9BD705-AAD2-4CFD-972D-C25CCB65FF8F}.Debug|Any CPU.Build.0 = Debug|Any CPU
		{EB9BD705-AAD2-4CFD-972D-C25CCB65FF8F}.Release|Any CPU.ActiveCfg = Release|Any CPU
		{EB9BD705-AAD2-4CFD-972D-C25CCB65FF8F}.Release|Any CPU.Build.0 = Release|Any CPU
		{D7A0B4C3-DF1A-41F0-8637-1981F639A076}.Debug|Any CPU.ActiveCfg = Debug|Any CPU
		{D7A0B4C3-DF1A-41F0-8637-1981F639A076}.Debug|Any CPU.Build.0 = Debug|Any CPU
		{D7A0B4C3-DF1A-41F0-8637-1981F639A076}.Release|Any CPU.ActiveCfg = Release|Any CPU
		{D7A0B4C3-DF1A-41F0-8637-1981F639A076}.Release|Any CPU.Build.0 = Release|Any CPU
		{C7B551A3-4734-4FD6-899F-53D618B16062}.Debug|Any CPU.ActiveCfg = Debug|Any CPU
		{C7B551A3-4734-4FD6-899F-53D618B16062}.Debug|Any CPU.Build.0 = Debug|Any CPU
		{C7B551A3-4734-4FD6-899F-53D618B16062}.Release|Any CPU.ActiveCfg = Release|Any CPU
		{C7B551A3-4734-4FD6-899F-53D618B16062}.Release|Any CPU.Build.0 = Release|Any CPU
		{35D28CD4-707C-430A-AB60-C459C4529280}.Debug|Any CPU.ActiveCfg = Debug|Any CPU
		{35D28CD4-707C-430A-AB60-C459C4529280}.Debug|Any CPU.Build.0 = Debug|Any CPU
		{35D28CD4-707C-430A-AB60-C459C4529280}.Release|Any CPU.ActiveCfg = Release|Any CPU
		{35D28CD4-707C-430A-AB60-C459C4529280}.Release|Any CPU.Build.0 = Release|Any CPU
		{090D44CD-9B25-4498-8C17-F4A45E25D47E}.Debug|Any CPU.ActiveCfg = Debug|Any CPU
		{090D44CD-9B25-4498-8C17-F4A45E25D47E}.Debug|Any CPU.Build.0 = Debug|Any CPU
		{090D44CD-9B25-4498-8C17-F4A45E25D47E}.Release|Any CPU.ActiveCfg = Release|Any CPU
		{090D44CD-9B25-4498-8C17-F4A45E25D47E}.Release|Any CPU.Build.0 = Release|Any CPU
	EndGlobalSection
	GlobalSection(SolutionProperties) = preSolution
		HideSolutionNode = FALSE
	EndGlobalSection
EndGlobal
