
Microsoft Visual Studio Solution File, Format Version 12.00
# Visual Studio 14
VisualStudioVersion = 14.0.25420.1
MinimumVisualStudioVersion = 10.0.40219.1
Project("{FAE04EC0-301F-11D3-BF4B-00C04F79EFBC}") = "Problem 1. Convert from base-10 to base-N", "Exercises Strings and Text Processing\Problem 1. Convert from base-10 to base-N.csproj", "{BD3691D9-9C8A-485A-B589-C25A68DA87DD}"
EndProject
Project("{FAE04EC0-301F-11D3-BF4B-00C04F79EFBC}") = "Problem 2. Convert from base-N to base-10", "Problem 2. Convert from base-N to base-10\Problem 2. Convert from base-N to base-10.csproj", "{0B29F55F-2921-4428-9B51-5E895D2368E9}"
EndProject
Project("{FAE04EC0-301F-11D3-BF4B-00C04F79EFBC}") = "Problem 3. Unicode Characters", "Problem 3. Unicode Characters\Problem 3. Unicode Characters.csproj", "{C22A0169-D82A-452D-B4B6-FCDF65931D31}"
EndProject
Project("{FAE04EC0-301F-11D3-BF4B-00C04F79EFBC}") = "Problem 4. Character Multiplier", "Problem 4. Character Multiplier\Problem 4. Character Multiplier.csproj", "{C4FA3C2A-7E5F-423B-B251-985E1113B64F}"
EndProject
Project("{FAE04EC0-301F-11D3-BF4B-00C04F79EFBC}") = "Problem 5. Magic exchangeable words", "Problem 5. Magic exchangeable words\Problem 5. Magic exchangeable words.csproj", "{FE6CCFFC-4A37-45E7-B8B0-F829BF3E7C2F}"
EndProject
Project("{FAE04EC0-301F-11D3-BF4B-00C04F79EFBC}") = "Problem 5. Magic exchangeable words_Rev2", "Problem 5. Magic exchangeable words_Rev2\Problem 5. Magic exchangeable words_Rev2.csproj", "{0249F024-13A8-41A5-8FA7-189589BDDE25}"
EndProject
Project("{FAE04EC0-301F-11D3-BF4B-00C04F79EFBC}") = "Problem 6. Sum big numbers", "Problem 6. Sum big numbers\Problem 6. Sum big numbers.csproj", "{F67461E9-FE64-4357-9C8C-B0AC0B4906B6}"
EndProject
Project("{FAE04EC0-301F-11D3-BF4B-00C04F79EFBC}") = "Problem 8. Letters Change Numbers", "Problem 8. Letters Change Numbers\Problem 8. Letters Change Numbers.csproj", "{43A36F24-4204-453F-8A8C-1ED83AA9BF1F}"
EndProject
Project("{FAE04EC0-301F-11D3-BF4B-00C04F79EFBC}") = "Problem 7. Multiply big number", "Problem 7. Multiply big number\Problem 7. Multiply big number.csproj", "{90429241-43FF-4063-88E5-E774103EC7F8}"
EndProject
Project("{FAE04EC0-301F-11D3-BF4B-00C04F79EFBC}") = "Problem 9.  Melrah Shake", "Problem 9.  Melrah Shake\Problem 9.  Melrah Shake.csproj", "{3023D3CF-FAE5-4B6D-9CA1-02131C49DC00}"
EndProject
Global
	GlobalSection(SolutionConfigurationPlatforms) = preSolution
		Debug|Any CPU = Debug|Any CPU
		Release|Any CPU = Release|Any CPU
	EndGlobalSection
	GlobalSection(ProjectConfigurationPlatforms) = postSolution
		{BD3691D9-9C8A-485A-B589-C25A68DA87DD}.Debug|Any CPU.ActiveCfg = Debug|Any CPU
		{BD3691D9-9C8A-485A-B589-C25A68DA87DD}.Debug|Any CPU.Build.0 = Debug|Any CPU
		{BD3691D9-9C8A-485A-B589-C25A68DA87DD}.Release|Any CPU.ActiveCfg = Release|Any CPU
		{BD3691D9-9C8A-485A-B589-C25A68DA87DD}.Release|Any CPU.Build.0 = Release|Any CPU
		{0B29F55F-2921-4428-9B51-5E895D2368E9}.Debug|Any CPU.ActiveCfg = Debug|Any CPU
		{0B29F55F-2921-4428-9B51-5E895D2368E9}.Debug|Any CPU.Build.0 = Debug|Any CPU
		{0B29F55F-2921-4428-9B51-5E895D2368E9}.Release|Any CPU.ActiveCfg = Release|Any CPU
		{0B29F55F-2921-4428-9B51-5E895D2368E9}.Release|Any CPU.Build.0 = Release|Any CPU
		{C22A0169-D82A-452D-B4B6-FCDF65931D31}.Debug|Any CPU.ActiveCfg = Debug|Any CPU
		{C22A0169-D82A-452D-B4B6-FCDF65931D31}.Debug|Any CPU.Build.0 = Debug|Any CPU
		{C22A0169-D82A-452D-B4B6-FCDF65931D31}.Release|Any CPU.ActiveCfg = Release|Any CPU
		{C22A0169-D82A-452D-B4B6-FCDF65931D31}.Release|Any CPU.Build.0 = Release|Any CPU
		{C4FA3C2A-7E5F-423B-B251-985E1113B64F}.Debug|Any CPU.ActiveCfg = Debug|Any CPU
		{C4FA3C2A-7E5F-423B-B251-985E1113B64F}.Debug|Any CPU.Build.0 = Debug|Any CPU
		{C4FA3C2A-7E5F-423B-B251-985E1113B64F}.Release|Any CPU.ActiveCfg = Release|Any CPU
		{C4FA3C2A-7E5F-423B-B251-985E1113B64F}.Release|Any CPU.Build.0 = Release|Any CPU
		{FE6CCFFC-4A37-45E7-B8B0-F829BF3E7C2F}.Debug|Any CPU.ActiveCfg = Debug|Any CPU
		{FE6CCFFC-4A37-45E7-B8B0-F829BF3E7C2F}.Debug|Any CPU.Build.0 = Debug|Any CPU
		{FE6CCFFC-4A37-45E7-B8B0-F829BF3E7C2F}.Release|Any CPU.ActiveCfg = Release|Any CPU
		{FE6CCFFC-4A37-45E7-B8B0-F829BF3E7C2F}.Release|Any CPU.Build.0 = Release|Any CPU
		{0249F024-13A8-41A5-8FA7-189589BDDE25}.Debug|Any CPU.ActiveCfg = Debug|Any CPU
		{0249F024-13A8-41A5-8FA7-189589BDDE25}.Debug|Any CPU.Build.0 = Debug|Any CPU
		{0249F024-13A8-41A5-8FA7-189589BDDE25}.Release|Any CPU.ActiveCfg = Release|Any CPU
		{0249F024-13A8-41A5-8FA7-189589BDDE25}.Release|Any CPU.Build.0 = Release|Any CPU
		{F67461E9-FE64-4357-9C8C-B0AC0B4906B6}.Debug|Any CPU.ActiveCfg = Debug|Any CPU
		{F67461E9-FE64-4357-9C8C-B0AC0B4906B6}.Debug|Any CPU.Build.0 = Debug|Any CPU
		{F67461E9-FE64-4357-9C8C-B0AC0B4906B6}.Release|Any CPU.ActiveCfg = Release|Any CPU
		{F67461E9-FE64-4357-9C8C-B0AC0B4906B6}.Release|Any CPU.Build.0 = Release|Any CPU
		{43A36F24-4204-453F-8A8C-1ED83AA9BF1F}.Debug|Any CPU.ActiveCfg = Debug|Any CPU
		{43A36F24-4204-453F-8A8C-1ED83AA9BF1F}.Debug|Any CPU.Build.0 = Debug|Any CPU
		{43A36F24-4204-453F-8A8C-1ED83AA9BF1F}.Release|Any CPU.ActiveCfg = Release|Any CPU
		{43A36F24-4204-453F-8A8C-1ED83AA9BF1F}.Release|Any CPU.Build.0 = Release|Any CPU
		{90429241-43FF-4063-88E5-E774103EC7F8}.Debug|Any CPU.ActiveCfg = Debug|Any CPU
		{90429241-43FF-4063-88E5-E774103EC7F8}.Debug|Any CPU.Build.0 = Debug|Any CPU
		{90429241-43FF-4063-88E5-E774103EC7F8}.Release|Any CPU.ActiveCfg = Release|Any CPU
		{90429241-43FF-4063-88E5-E774103EC7F8}.Release|Any CPU.Build.0 = Release|Any CPU
		{3023D3CF-FAE5-4B6D-9CA1-02131C49DC00}.Debug|Any CPU.ActiveCfg = Debug|Any CPU
		{3023D3CF-FAE5-4B6D-9CA1-02131C49DC00}.Debug|Any CPU.Build.0 = Debug|Any CPU
		{3023D3CF-FAE5-4B6D-9CA1-02131C49DC00}.Release|Any CPU.ActiveCfg = Release|Any CPU
		{3023D3CF-FAE5-4B6D-9CA1-02131C49DC00}.Release|Any CPU.Build.0 = Release|Any CPU
	EndGlobalSection
	GlobalSection(SolutionProperties) = preSolution
		HideSolutionNode = FALSE
	EndGlobalSection
EndGlobal
