
Microsoft Visual Studio Solution File, Format Version 12.00
# Visual Studio 14
VisualStudioVersion = 14.0.25420.1
MinimumVisualStudioVersion = 10.0.40219.1
Project("{FAE04EC0-301F-11D3-BF4B-00C04F79EFBC}") = "Problem 1. Type Boundaries", "More Exercises Data Types and Variables\Problem 1. Type Boundaries.csproj", "{342EAAD0-DF71-493F-9925-0D2639DB032F}"
EndProject
Project("{FAE04EC0-301F-11D3-BF4B-00C04F79EFBC}") = "Problem 2. Number Checker", "Problem 2. Number Checker\Problem 2. Number Checker.csproj", "{BFBD68D5-B99D-4DF7-B225-A58E96D0CA70}"
EndProject
Project("{FAE04EC0-301F-11D3-BF4B-00C04F79EFBC}") = "Problem 3. Water Overflow", "Problem 3. Water Overflow\Problem 3. Water Overflow.csproj", "{9477261D-80C8-437D-A828-2F2F574D402C}"
EndProject
Project("{FAE04EC0-301F-11D3-BF4B-00C04F79EFBC}") = "Problem 4. Tourist Information", "Problem 4. Tourist Information\Problem 4. Tourist Information.csproj", "{974E45B7-D5AF-494B-878C-26397271097E}"
EndProject
Project("{FAE04EC0-301F-11D3-BF4B-00C04F79EFBC}") = "Problem 5. Weather Forecast", "Problem 5. Weather Forecast\Problem 5. Weather Forecast.csproj", "{D78FA59D-492A-4F56-9529-317F7B57307C}"
EndProject
Project("{FAE04EC0-301F-11D3-BF4B-00C04F79EFBC}") = "Problem 6.  Catch the Thief", "Problem 6.  Catch the Thief\Problem 6.  Catch the Thief.csproj", "{C12752BF-0371-44CA-84EF-7D9C5BF7EB6B}"
EndProject
Project("{FAE04EC0-301F-11D3-BF4B-00C04F79EFBC}") = "Problem 7.  Sentence the Thief", "Problem 7.  Sentence the Thief\Problem 7.  Sentence the Thief.csproj", "{C8FA10A5-9DA2-4E99-BCFB-18D5967D4529}"
EndProject
Project("{FAE04EC0-301F-11D3-BF4B-00C04F79EFBC}") = "Problem 8. House Builder", "Problem 8. House Builder\Problem 8. House Builder.csproj", "{481E05E9-A4C9-4641-934F-A3047A9A8006}"
EndProject
Project("{FAE04EC0-301F-11D3-BF4B-00C04F79EFBC}") = "Problem 9. Make a Word", "Problem 9. Make a Word\Problem 9. Make a Word.csproj", "{98E51952-E422-4D01-B769-42DE5B8E923D}"
EndProject
Project("{FAE04EC0-301F-11D3-BF4B-00C04F79EFBC}") = "Problem 10. Sum of Chars", "Problem 10. Sum of Chars\Problem 10. Sum of Chars.csproj", "{0A3EDAB7-B932-4D81-BB29-E9E1CB669FB2}"
EndProject
Project("{FAE04EC0-301F-11D3-BF4B-00C04F79EFBC}") = "Problem 11. String Concatenation", "Problem 11. String Concatenation\Problem 11. String Concatenation.csproj", "{3AED7D50-E419-4BE7-9C5B-CBC363764226}"
EndProject
Project("{FAE04EC0-301F-11D3-BF4B-00C04F79EFBC}") = "Problem 11. String Concatenation_Rev2", "re\Problem 11. String Concatenation_Rev2.csproj", "{F9BF2C92-28CF-45FE-84EF-B98E3652EB04}"
EndProject
Project("{FAE04EC0-301F-11D3-BF4B-00C04F79EFBC}") = "Problem 12. Beer Kegs", "Problem 12. Beer Kegs\Problem 12. Beer Kegs.csproj", "{8406A034-BA76-40B3-B9B5-DA382178344E}"
EndProject
Project("{FAE04EC0-301F-11D3-BF4B-00C04F79EFBC}") = "Problem 13. Decrypting Messages", "Problem 13. Decrypting Messages\Problem 13. Decrypting Messages.csproj", "{206FA327-5094-4139-AACD-055928389792}"
EndProject
Project("{FAE04EC0-301F-11D3-BF4B-00C04F79EFBC}") = "Problem 14.  Boat Simulator", "Problem 14.  Boat Simulator\Problem 14.  Boat Simulator.csproj", "{CE8CD128-524F-48D8-A909-D6859A4843C3}"
EndProject
Project("{FAE04EC0-301F-11D3-BF4B-00C04F79EFBC}") = "Problem 15.  Balanced Brackets", "Problem 15.  Balanced Brackets\Problem 15.  Balanced Brackets.csproj", "{22DF8D29-DEA3-45BE-A6E5-2498A9EFA4F7}"
EndProject
Global
	GlobalSection(SolutionConfigurationPlatforms) = preSolution
		Debug|Any CPU = Debug|Any CPU
		Release|Any CPU = Release|Any CPU
	EndGlobalSection
	GlobalSection(ProjectConfigurationPlatforms) = postSolution
		{342EAAD0-DF71-493F-9925-0D2639DB032F}.Debug|Any CPU.ActiveCfg = Debug|Any CPU
		{342EAAD0-DF71-493F-9925-0D2639DB032F}.Debug|Any CPU.Build.0 = Debug|Any CPU
		{342EAAD0-DF71-493F-9925-0D2639DB032F}.Release|Any CPU.ActiveCfg = Release|Any CPU
		{342EAAD0-DF71-493F-9925-0D2639DB032F}.Release|Any CPU.Build.0 = Release|Any CPU
		{BFBD68D5-B99D-4DF7-B225-A58E96D0CA70}.Debug|Any CPU.ActiveCfg = Debug|Any CPU
		{BFBD68D5-B99D-4DF7-B225-A58E96D0CA70}.Debug|Any CPU.Build.0 = Debug|Any CPU
		{BFBD68D5-B99D-4DF7-B225-A58E96D0CA70}.Release|Any CPU.ActiveCfg = Release|Any CPU
		{BFBD68D5-B99D-4DF7-B225-A58E96D0CA70}.Release|Any CPU.Build.0 = Release|Any CPU
		{9477261D-80C8-437D-A828-2F2F574D402C}.Debug|Any CPU.ActiveCfg = Debug|Any CPU
		{9477261D-80C8-437D-A828-2F2F574D402C}.Debug|Any CPU.Build.0 = Debug|Any CPU
		{9477261D-80C8-437D-A828-2F2F574D402C}.Release|Any CPU.ActiveCfg = Release|Any CPU
		{9477261D-80C8-437D-A828-2F2F574D402C}.Release|Any CPU.Build.0 = Release|Any CPU
		{974E45B7-D5AF-494B-878C-26397271097E}.Debug|Any CPU.ActiveCfg = Debug|Any CPU
		{974E45B7-D5AF-494B-878C-26397271097E}.Debug|Any CPU.Build.0 = Debug|Any CPU
		{974E45B7-D5AF-494B-878C-26397271097E}.Release|Any CPU.ActiveCfg = Release|Any CPU
		{974E45B7-D5AF-494B-878C-26397271097E}.Release|Any CPU.Build.0 = Release|Any CPU
		{D78FA59D-492A-4F56-9529-317F7B57307C}.Debug|Any CPU.ActiveCfg = Debug|Any CPU
		{D78FA59D-492A-4F56-9529-317F7B57307C}.Debug|Any CPU.Build.0 = Debug|Any CPU
		{D78FA59D-492A-4F56-9529-317F7B57307C}.Release|Any CPU.ActiveCfg = Release|Any CPU
		{D78FA59D-492A-4F56-9529-317F7B57307C}.Release|Any CPU.Build.0 = Release|Any CPU
		{C12752BF-0371-44CA-84EF-7D9C5BF7EB6B}.Debug|Any CPU.ActiveCfg = Debug|Any CPU
		{C12752BF-0371-44CA-84EF-7D9C5BF7EB6B}.Debug|Any CPU.Build.0 = Debug|Any CPU
		{C12752BF-0371-44CA-84EF-7D9C5BF7EB6B}.Release|Any CPU.ActiveCfg = Release|Any CPU
		{C12752BF-0371-44CA-84EF-7D9C5BF7EB6B}.Release|Any CPU.Build.0 = Release|Any CPU
		{C8FA10A5-9DA2-4E99-BCFB-18D5967D4529}.Debug|Any CPU.ActiveCfg = Debug|Any CPU
		{C8FA10A5-9DA2-4E99-BCFB-18D5967D4529}.Debug|Any CPU.Build.0 = Debug|Any CPU
		{C8FA10A5-9DA2-4E99-BCFB-18D5967D4529}.Release|Any CPU.ActiveCfg = Release|Any CPU
		{C8FA10A5-9DA2-4E99-BCFB-18D5967D4529}.Release|Any CPU.Build.0 = Release|Any CPU
		{481E05E9-A4C9-4641-934F-A3047A9A8006}.Debug|Any CPU.ActiveCfg = Debug|Any CPU
		{481E05E9-A4C9-4641-934F-A3047A9A8006}.Debug|Any CPU.Build.0 = Debug|Any CPU
		{481E05E9-A4C9-4641-934F-A3047A9A8006}.Release|Any CPU.ActiveCfg = Release|Any CPU
		{481E05E9-A4C9-4641-934F-A3047A9A8006}.Release|Any CPU.Build.0 = Release|Any CPU
		{98E51952-E422-4D01-B769-42DE5B8E923D}.Debug|Any CPU.ActiveCfg = Debug|Any CPU
		{98E51952-E422-4D01-B769-42DE5B8E923D}.Debug|Any CPU.Build.0 = Debug|Any CPU
		{98E51952-E422-4D01-B769-42DE5B8E923D}.Release|Any CPU.ActiveCfg = Release|Any CPU
		{98E51952-E422-4D01-B769-42DE5B8E923D}.Release|Any CPU.Build.0 = Release|Any CPU
		{0A3EDAB7-B932-4D81-BB29-E9E1CB669FB2}.Debug|Any CPU.ActiveCfg = Debug|Any CPU
		{0A3EDAB7-B932-4D81-BB29-E9E1CB669FB2}.Debug|Any CPU.Build.0 = Debug|Any CPU
		{0A3EDAB7-B932-4D81-BB29-E9E1CB669FB2}.Release|Any CPU.ActiveCfg = Release|Any CPU
		{0A3EDAB7-B932-4D81-BB29-E9E1CB669FB2}.Release|Any CPU.Build.0 = Release|Any CPU
		{3AED7D50-E419-4BE7-9C5B-CBC363764226}.Debug|Any CPU.ActiveCfg = Debug|Any CPU
		{3AED7D50-E419-4BE7-9C5B-CBC363764226}.Debug|Any CPU.Build.0 = Debug|Any CPU
		{3AED7D50-E419-4BE7-9C5B-CBC363764226}.Release|Any CPU.ActiveCfg = Release|Any CPU
		{3AED7D50-E419-4BE7-9C5B-CBC363764226}.Release|Any CPU.Build.0 = Release|Any CPU
		{F9BF2C92-28CF-45FE-84EF-B98E3652EB04}.Debug|Any CPU.ActiveCfg = Debug|Any CPU
		{F9BF2C92-28CF-45FE-84EF-B98E3652EB04}.Debug|Any CPU.Build.0 = Debug|Any CPU
		{F9BF2C92-28CF-45FE-84EF-B98E3652EB04}.Release|Any CPU.ActiveCfg = Release|Any CPU
		{F9BF2C92-28CF-45FE-84EF-B98E3652EB04}.Release|Any CPU.Build.0 = Release|Any CPU
		{8406A034-BA76-40B3-B9B5-DA382178344E}.Debug|Any CPU.ActiveCfg = Debug|Any CPU
		{8406A034-BA76-40B3-B9B5-DA382178344E}.Debug|Any CPU.Build.0 = Debug|Any CPU
		{8406A034-BA76-40B3-B9B5-DA382178344E}.Release|Any CPU.ActiveCfg = Release|Any CPU
		{8406A034-BA76-40B3-B9B5-DA382178344E}.Release|Any CPU.Build.0 = Release|Any CPU
		{206FA327-5094-4139-AACD-055928389792}.Debug|Any CPU.ActiveCfg = Debug|Any CPU
		{206FA327-5094-4139-AACD-055928389792}.Debug|Any CPU.Build.0 = Debug|Any CPU
		{206FA327-5094-4139-AACD-055928389792}.Release|Any CPU.ActiveCfg = Release|Any CPU
		{206FA327-5094-4139-AACD-055928389792}.Release|Any CPU.Build.0 = Release|Any CPU
		{CE8CD128-524F-48D8-A909-D6859A4843C3}.Debug|Any CPU.ActiveCfg = Debug|Any CPU
		{CE8CD128-524F-48D8-A909-D6859A4843C3}.Debug|Any CPU.Build.0 = Debug|Any CPU
		{CE8CD128-524F-48D8-A909-D6859A4843C3}.Release|Any CPU.ActiveCfg = Release|Any CPU
		{CE8CD128-524F-48D8-A909-D6859A4843C3}.Release|Any CPU.Build.0 = Release|Any CPU
		{22DF8D29-DEA3-45BE-A6E5-2498A9EFA4F7}.Debug|Any CPU.ActiveCfg = Debug|Any CPU
		{22DF8D29-DEA3-45BE-A6E5-2498A9EFA4F7}.Debug|Any CPU.Build.0 = Debug|Any CPU
		{22DF8D29-DEA3-45BE-A6E5-2498A9EFA4F7}.Release|Any CPU.ActiveCfg = Release|Any CPU
		{22DF8D29-DEA3-45BE-A6E5-2498A9EFA4F7}.Release|Any CPU.Build.0 = Release|Any CPU
	EndGlobalSection
	GlobalSection(SolutionProperties) = preSolution
		HideSolutionNode = FALSE
	EndGlobalSection
EndGlobal
