
Microsoft Visual Studio Solution File, Format Version 12.00
# Visual Studio 14
VisualStudioVersion = 14.0.25420.1
MinimumVisualStudioVersion = 10.0.40219.1
Project("{FAE04EC0-301F-11D3-BF4B-00C04F79EFBC}") = "PF - 4. Split by Word Casing", "PF - 4. Split by Word Casing\PF - 4. Split by Word Casing.csproj", "{A7899CB6-BE6B-4DD7-A21F-817D42B472EE}"
EndProject
Global
	GlobalSection(SolutionConfigurationPlatforms) = preSolution
		Debug|Any CPU = Debug|Any CPU
		Release|Any CPU = Release|Any CPU
	EndGlobalSection
	GlobalSection(ProjectConfigurationPlatforms) = postSolution
		{A7899CB6-BE6B-4DD7-A21F-817D42B472EE}.Debug|Any CPU.ActiveCfg = Debug|Any CPU
		{A7899CB6-BE6B-4DD7-A21F-817D42B472EE}.Debug|Any CPU.Build.0 = Debug|Any CPU
		{A7899CB6-BE6B-4DD7-A21F-817D42B472EE}.Release|Any CPU.ActiveCfg = Release|Any CPU
		{A7899CB6-BE6B-4DD7-A21F-817D42B472EE}.Release|Any CPU.Build.0 = Release|Any CPU
	EndGlobalSection
	GlobalSection(SolutionProperties) = preSolution
		HideSolutionNode = FALSE
	EndGlobalSection
EndGlobal
