
Microsoft Visual Studio Solution File, Format Version 12.00
# Visual Studio 14
VisualStudioVersion = 14.0.25420.1
MinimumVisualStudioVersion = 10.0.40219.1
Project("{FAE04EC0-301F-11D3-BF4B-00C04F79EFBC}") = "Problem 5. Multiply Targeted Cell", "Programming for Beginners – 24 April 2016\Problem 5. Multiply Targeted Cell.csproj", "{EC1CB0D4-541E-437D-83E2-53F4B767927E}"
EndProject
Project("{FAE04EC0-301F-11D3-BF4B-00C04F79EFBC}") = "Problem 4. Array Modifier", "Problem 4. Array Modifier\Problem 4. Array Modifier.csproj", "{4D5813FB-16DE-45AE-B9FF-0A59C2CA578E}"
EndProject
Project("{FAE04EC0-301F-11D3-BF4B-00C04F79EFBC}") = "Problem 2. Game of Names", "Problem 2. Game of Names\Problem 2. Game of Names.csproj", "{55299F9B-EC0B-4347-AECB-DB819A21CE03}"
EndProject
Project("{FAE04EC0-301F-11D3-BF4B-00C04F79EFBC}") = "Problem 3. Strawberry", "Problem 3. Strawberry\Problem 3. Strawberry.csproj", "{FB738B09-1D59-4B51-A75B-ECA7F6D775BA}"
EndProject
Global
	GlobalSection(SolutionConfigurationPlatforms) = preSolution
		Debug|Any CPU = Debug|Any CPU
		Release|Any CPU = Release|Any CPU
	EndGlobalSection
	GlobalSection(ProjectConfigurationPlatforms) = postSolution
		{EC1CB0D4-541E-437D-83E2-53F4B767927E}.Debug|Any CPU.ActiveCfg = Debug|Any CPU
		{EC1CB0D4-541E-437D-83E2-53F4B767927E}.Debug|Any CPU.Build.0 = Debug|Any CPU
		{EC1CB0D4-541E-437D-83E2-53F4B767927E}.Release|Any CPU.ActiveCfg = Release|Any CPU
		{EC1CB0D4-541E-437D-83E2-53F4B767927E}.Release|Any CPU.Build.0 = Release|Any CPU
		{4D5813FB-16DE-45AE-B9FF-0A59C2CA578E}.Debug|Any CPU.ActiveCfg = Debug|Any CPU
		{4D5813FB-16DE-45AE-B9FF-0A59C2CA578E}.Debug|Any CPU.Build.0 = Debug|Any CPU
		{4D5813FB-16DE-45AE-B9FF-0A59C2CA578E}.Release|Any CPU.ActiveCfg = Release|Any CPU
		{4D5813FB-16DE-45AE-B9FF-0A59C2CA578E}.Release|Any CPU.Build.0 = Release|Any CPU
		{55299F9B-EC0B-4347-AECB-DB819A21CE03}.Debug|Any CPU.ActiveCfg = Debug|Any CPU
		{55299F9B-EC0B-4347-AECB-DB819A21CE03}.Debug|Any CPU.Build.0 = Debug|Any CPU
		{55299F9B-EC0B-4347-AECB-DB819A21CE03}.Release|Any CPU.ActiveCfg = Release|Any CPU
		{55299F9B-EC0B-4347-AECB-DB819A21CE03}.Release|Any CPU.Build.0 = Release|Any CPU
		{FB738B09-1D59-4B51-A75B-ECA7F6D775BA}.Debug|Any CPU.ActiveCfg = Debug|Any CPU
		{FB738B09-1D59-4B51-A75B-ECA7F6D775BA}.Debug|Any CPU.Build.0 = Debug|Any CPU
		{FB738B09-1D59-4B51-A75B-ECA7F6D775BA}.Release|Any CPU.ActiveCfg = Release|Any CPU
		{FB738B09-1D59-4B51-A75B-ECA7F6D775BA}.Release|Any CPU.Build.0 = Release|Any CPU
	EndGlobalSection
	GlobalSection(SolutionProperties) = preSolution
		HideSolutionNode = FALSE
	EndGlobalSection
EndGlobal
