
Microsoft Visual Studio Solution File, Format Version 12.00
# Visual Studio 14
VisualStudioVersion = 14.0.25420.1
MinimumVisualStudioVersion = 10.0.40219.1
Project("{FAE04EC0-301F-11D3-BF4B-00C04F79EFBC}") = "Problem 3. Regexmon", "PF Exam - 09 July 2017 Part 2\Problem 3. Regexmon.csproj", "{84CA8EEE-7D97-41E1-BEE1-BD258B0847FF}"
EndProject
Project("{FAE04EC0-301F-11D3-BF4B-00C04F79EFBC}") = "Problem 4. Pokemon Evolution", "Problem 4. Pokemon Evolution\Problem 4. Pokemon Evolution.csproj", "{C34B9310-8B98-4CA2-8E9A-7FBE907BB708}"
EndProject
Global
	GlobalSection(SolutionConfigurationPlatforms) = preSolution
		Debug|Any CPU = Debug|Any CPU
		Release|Any CPU = Release|Any CPU
	EndGlobalSection
	GlobalSection(ProjectConfigurationPlatforms) = postSolution
		{84CA8EEE-7D97-41E1-BEE1-BD258B0847FF}.Debug|Any CPU.ActiveCfg = Debug|Any CPU
		{84CA8EEE-7D97-41E1-BEE1-BD258B0847FF}.Debug|Any CPU.Build.0 = Debug|Any CPU
		{84CA8EEE-7D97-41E1-BEE1-BD258B0847FF}.Release|Any CPU.ActiveCfg = Release|Any CPU
		{84CA8EEE-7D97-41E1-BEE1-BD258B0847FF}.Release|Any CPU.Build.0 = Release|Any CPU
		{C34B9310-8B98-4CA2-8E9A-7FBE907BB708}.Debug|Any CPU.ActiveCfg = Debug|Any CPU
		{C34B9310-8B98-4CA2-8E9A-7FBE907BB708}.Debug|Any CPU.Build.0 = Debug|Any CPU
		{C34B9310-8B98-4CA2-8E9A-7FBE907BB708}.Release|Any CPU.ActiveCfg = Release|Any CPU
		{C34B9310-8B98-4CA2-8E9A-7FBE907BB708}.Release|Any CPU.Build.0 = Release|Any CPU
	EndGlobalSection
	GlobalSection(SolutionProperties) = preSolution
		HideSolutionNode = FALSE
	EndGlobalSection
EndGlobal
