
Microsoft Visual Studio Solution File, Format Version 12.00
# Visual Studio 14
VisualStudioVersion = 14.0.25420.1
MinimumVisualStudioVersion = 10.0.40219.1
Project("{FAE04EC0-301F-11D3-BF4B-00C04F79EFBC}") = "Problem 1 – Hornet Wings", "PF Exam - 26 February 2017 Part I\Problem 1 – Hornet Wings.csproj", "{92728AF2-1DCD-41F6-9C75-6D4F7489C382}"
EndProject
Project("{FAE04EC0-301F-11D3-BF4B-00C04F79EFBC}") = "Problem 2 – Hornet Comm", "Problem 2 – Hornet Comm\Problem 2 – Hornet Comm.csproj", "{0BE91B66-63F1-43D1-BFA6-32FEA57D26D0}"
EndProject
Project("{FAE04EC0-301F-11D3-BF4B-00C04F79EFBC}") = "Problem 3 – Hornet Assault", "Problem 3 – Hornet Assault\Problem 3 – Hornet Assault.csproj", "{3956DB17-3871-4FDB-AF17-0006060CF5E1}"
EndProject
Project("{FAE04EC0-301F-11D3-BF4B-00C04F79EFBC}") = "Problem 4 – Hornet Armada", "Problem 4 – Hornet Armada\Problem 4 – Hornet Armada.csproj", "{895DC562-3EE9-48DE-80C7-29AEA613C76E}"
EndProject
Global
	GlobalSection(SolutionConfigurationPlatforms) = preSolution
		Debug|Any CPU = Debug|Any CPU
		Release|Any CPU = Release|Any CPU
	EndGlobalSection
	GlobalSection(ProjectConfigurationPlatforms) = postSolution
		{92728AF2-1DCD-41F6-9C75-6D4F7489C382}.Debug|Any CPU.ActiveCfg = Debug|Any CPU
		{92728AF2-1DCD-41F6-9C75-6D4F7489C382}.Debug|Any CPU.Build.0 = Debug|Any CPU
		{92728AF2-1DCD-41F6-9C75-6D4F7489C382}.Release|Any CPU.ActiveCfg = Release|Any CPU
		{92728AF2-1DCD-41F6-9C75-6D4F7489C382}.Release|Any CPU.Build.0 = Release|Any CPU
		{0BE91B66-63F1-43D1-BFA6-32FEA57D26D0}.Debug|Any CPU.ActiveCfg = Debug|Any CPU
		{0BE91B66-63F1-43D1-BFA6-32FEA57D26D0}.Debug|Any CPU.Build.0 = Debug|Any CPU
		{0BE91B66-63F1-43D1-BFA6-32FEA57D26D0}.Release|Any CPU.ActiveCfg = Release|Any CPU
		{0BE91B66-63F1-43D1-BFA6-32FEA57D26D0}.Release|Any CPU.Build.0 = Release|Any CPU
		{3956DB17-3871-4FDB-AF17-0006060CF5E1}.Debug|Any CPU.ActiveCfg = Debug|Any CPU
		{3956DB17-3871-4FDB-AF17-0006060CF5E1}.Debug|Any CPU.Build.0 = Debug|Any CPU
		{3956DB17-3871-4FDB-AF17-0006060CF5E1}.Release|Any CPU.ActiveCfg = Release|Any CPU
		{3956DB17-3871-4FDB-AF17-0006060CF5E1}.Release|Any CPU.Build.0 = Release|Any CPU
		{895DC562-3EE9-48DE-80C7-29AEA613C76E}.Debug|Any CPU.ActiveCfg = Debug|Any CPU
		{895DC562-3EE9-48DE-80C7-29AEA613C76E}.Debug|Any CPU.Build.0 = Debug|Any CPU
		{895DC562-3EE9-48DE-80C7-29AEA613C76E}.Release|Any CPU.ActiveCfg = Release|Any CPU
		{895DC562-3EE9-48DE-80C7-29AEA613C76E}.Release|Any CPU.Build.0 = Release|Any CPU
	EndGlobalSection
	GlobalSection(SolutionProperties) = preSolution
		HideSolutionNode = FALSE
	EndGlobalSection
EndGlobal
