
Microsoft Visual Studio Solution File, Format Version 12.00
# Visual Studio 14
VisualStudioVersion = 14.0.25420.1
MinimumVisualStudioVersion = 10.0.40219.1
Project("{FAE04EC0-301F-11D3-BF4B-00C04F79EFBC}") = "1. Hello, Name!", "Exercises Methods, Debugging\1. Hello, Name!.csproj", "{511C9124-1BDC-47BF-AC62-C395DE4A1FEE}"
EndProject
Project("{FAE04EC0-301F-11D3-BF4B-00C04F79EFBC}") = "2. Max Method", "2. Max Method\2. Max Method.csproj", "{2C97B43B-6584-478F-82E5-3D63816CEDD4}"
EndProject
Project("{FAE04EC0-301F-11D3-BF4B-00C04F79EFBC}") = "3. English Name оf The Last Digit", "3. English Name оf The Last Digit\3. English Name оf The Last Digit.csproj", "{A4479932-3910-403C-9E53-C327CF7AB621}"
EndProject
Project("{FAE04EC0-301F-11D3-BF4B-00C04F79EFBC}") = "4. Numbers in Reversed Order", "4. Numbers in Reversed Order\4. Numbers in Reversed Order.csproj", "{532DEA26-32BB-4992-9A1C-D8B62B36EF68}"
EndProject
Project("{FAE04EC0-301F-11D3-BF4B-00C04F79EFBC}") = "5. Fibonacci Numbers", "5. Fibonacci Numbers\5. Fibonacci Numbers.csproj", "{20AC1DA9-C2FB-4A8A-A6F2-0EEA98D894EC}"
EndProject
Project("{FAE04EC0-301F-11D3-BF4B-00C04F79EFBC}") = "6. Prime Checker", "6. Prime Checker\6. Prime Checker.csproj", "{FDFF652C-D122-4ADD-84D9-D427CE40373F}"
EndProject
Project("{FAE04EC0-301F-11D3-BF4B-00C04F79EFBC}") = "7. Primes in Given Range", "7. Primes in Given Range\7. Primes in Given Range.csproj", "{532E813F-2F9D-4396-863E-6E50ADA686BA}"
EndProject
Project("{FAE04EC0-301F-11D3-BF4B-00C04F79EFBC}") = "8. Center Point", "8. Center Point\8. Center Point.csproj", "{AFE4CD45-76FC-4BF9-B842-5C00E12EA2BB}"
EndProject
Project("{FAE04EC0-301F-11D3-BF4B-00C04F79EFBC}") = "9. Longer Line", "9. Longer Line\9. Longer Line.csproj", "{C149B338-7E60-4395-83B3-D55FFB504EB4}"
EndProject
Project("{FAE04EC0-301F-11D3-BF4B-00C04F79EFBC}") = "10. Cube Properties", "10. Cube Properties\10. Cube Properties.csproj", "{7B6934EA-36D6-4176-83B0-4C02900888F9}"
EndProject
Project("{FAE04EC0-301F-11D3-BF4B-00C04F79EFBC}") = "11. Geometry Calculator", "11. Geometry Calculator\11. Geometry Calculator.csproj", "{2848C798-8BAB-43BE-8CDC-1EE26EEE6004}"
EndProject
Project("{FAE04EC0-301F-11D3-BF4B-00C04F79EFBC}") = "12. Master Numbers", "12. Master Numbers\12. Master Numbers.csproj", "{D7DBE9E5-8E94-41DA-A71B-1F2B7A898951}"
EndProject
Project("{FAE04EC0-301F-11D3-BF4B-00C04F79EFBC}") = "13. Factorial", "13. Factorial\13. Factorial.csproj", "{4E02D9DA-D02A-47B2-B201-E6F0E8FB8FFD}"
EndProject
Project("{FAE04EC0-301F-11D3-BF4B-00C04F79EFBC}") = "14. Factorial Trailing Zeroes", "14. Factorial Trailing Zeroes\14. Factorial Trailing Zeroes.csproj", "{550650FC-CF50-4623-A1FC-118D8925328D}"
EndProject
Project("{FAE04EC0-301F-11D3-BF4B-00C04F79EFBC}") = "15.  Debugging Exercise Substring", "15.  Debugging Exercise Substring\15.  Debugging Exercise Substring.csproj", "{014890BE-8EEA-40EA-863A-EB6FE6063725}"
EndProject
Project("{FAE04EC0-301F-11D3-BF4B-00C04F79EFBC}") = "16.  Debugging Exercise Instruction Set", "16.  Debugging Exercise Instruction Set\16.  Debugging Exercise Instruction Set.csproj", "{F8BCBE91-43E9-432A-BC66-BB679A699193}"
EndProject
Project("{FAE04EC0-301F-11D3-BF4B-00C04F79EFBC}") = "17.  Debugging Exercise Be Positive", "17.  Debugging Exercise Be Positive\17.  Debugging Exercise Be Positive.csproj", "{C609BDA6-0FA4-46EA-892D-90C772EF9769}"
EndProject
Project("{FAE04EC0-301F-11D3-BF4B-00C04F79EFBC}") = "18.  Debugging Exercise Sequence of Commands", "18.  Debugging Exercise Sequence of Commands\18.  Debugging Exercise Sequence of Commands.csproj", "{AACA0DD4-64A0-4BD5-A4D4-32E39A23D0B7}"
EndProject
Global
	GlobalSection(SolutionConfigurationPlatforms) = preSolution
		Debug|Any CPU = Debug|Any CPU
		Release|Any CPU = Release|Any CPU
	EndGlobalSection
	GlobalSection(ProjectConfigurationPlatforms) = postSolution
		{511C9124-1BDC-47BF-AC62-C395DE4A1FEE}.Debug|Any CPU.ActiveCfg = Debug|Any CPU
		{511C9124-1BDC-47BF-AC62-C395DE4A1FEE}.Debug|Any CPU.Build.0 = Debug|Any CPU
		{511C9124-1BDC-47BF-AC62-C395DE4A1FEE}.Release|Any CPU.ActiveCfg = Release|Any CPU
		{511C9124-1BDC-47BF-AC62-C395DE4A1FEE}.Release|Any CPU.Build.0 = Release|Any CPU
		{2C97B43B-6584-478F-82E5-3D63816CEDD4}.Debug|Any CPU.ActiveCfg = Debug|Any CPU
		{2C97B43B-6584-478F-82E5-3D63816CEDD4}.Debug|Any CPU.Build.0 = Debug|Any CPU
		{2C97B43B-6584-478F-82E5-3D63816CEDD4}.Release|Any CPU.ActiveCfg = Release|Any CPU
		{2C97B43B-6584-478F-82E5-3D63816CEDD4}.Release|Any CPU.Build.0 = Release|Any CPU
		{A4479932-3910-403C-9E53-C327CF7AB621}.Debug|Any CPU.ActiveCfg = Debug|Any CPU
		{A4479932-3910-403C-9E53-C327CF7AB621}.Debug|Any CPU.Build.0 = Debug|Any CPU
		{A4479932-3910-403C-9E53-C327CF7AB621}.Release|Any CPU.ActiveCfg = Release|Any CPU
		{A4479932-3910-403C-9E53-C327CF7AB621}.Release|Any CPU.Build.0 = Release|Any CPU
		{532DEA26-32BB-4992-9A1C-D8B62B36EF68}.Debug|Any CPU.ActiveCfg = Debug|Any CPU
		{532DEA26-32BB-4992-9A1C-D8B62B36EF68}.Debug|Any CPU.Build.0 = Debug|Any CPU
		{532DEA26-32BB-4992-9A1C-D8B62B36EF68}.Release|Any CPU.ActiveCfg = Release|Any CPU
		{532DEA26-32BB-4992-9A1C-D8B62B36EF68}.Release|Any CPU.Build.0 = Release|Any CPU
		{20AC1DA9-C2FB-4A8A-A6F2-0EEA98D894EC}.Debug|Any CPU.ActiveCfg = Debug|Any CPU
		{20AC1DA9-C2FB-4A8A-A6F2-0EEA98D894EC}.Debug|Any CPU.Build.0 = Debug|Any CPU
		{20AC1DA9-C2FB-4A8A-A6F2-0EEA98D894EC}.Release|Any CPU.ActiveCfg = Release|Any CPU
		{20AC1DA9-C2FB-4A8A-A6F2-0EEA98D894EC}.Release|Any CPU.Build.0 = Release|Any CPU
		{FDFF652C-D122-4ADD-84D9-D427CE40373F}.Debug|Any CPU.ActiveCfg = Debug|Any CPU
		{FDFF652C-D122-4ADD-84D9-D427CE40373F}.Debug|Any CPU.Build.0 = Debug|Any CPU
		{FDFF652C-D122-4ADD-84D9-D427CE40373F}.Release|Any CPU.ActiveCfg = Release|Any CPU
		{FDFF652C-D122-4ADD-84D9-D427CE40373F}.Release|Any CPU.Build.0 = Release|Any CPU
		{532E813F-2F9D-4396-863E-6E50ADA686BA}.Debug|Any CPU.ActiveCfg = Debug|Any CPU
		{532E813F-2F9D-4396-863E-6E50ADA686BA}.Debug|Any CPU.Build.0 = Debug|Any CPU
		{532E813F-2F9D-4396-863E-6E50ADA686BA}.Release|Any CPU.ActiveCfg = Release|Any CPU
		{532E813F-2F9D-4396-863E-6E50ADA686BA}.Release|Any CPU.Build.0 = Release|Any CPU
		{AFE4CD45-76FC-4BF9-B842-5C00E12EA2BB}.Debug|Any CPU.ActiveCfg = Debug|Any CPU
		{AFE4CD45-76FC-4BF9-B842-5C00E12EA2BB}.Debug|Any CPU.Build.0 = Debug|Any CPU
		{AFE4CD45-76FC-4BF9-B842-5C00E12EA2BB}.Release|Any CPU.ActiveCfg = Release|Any CPU
		{AFE4CD45-76FC-4BF9-B842-5C00E12EA2BB}.Release|Any CPU.Build.0 = Release|Any CPU
		{C149B338-7E60-4395-83B3-D55FFB504EB4}.Debug|Any CPU.ActiveCfg = Debug|Any CPU
		{C149B338-7E60-4395-83B3-D55FFB504EB4}.Debug|Any CPU.Build.0 = Debug|Any CPU
		{C149B338-7E60-4395-83B3-D55FFB504EB4}.Release|Any CPU.ActiveCfg = Release|Any CPU
		{C149B338-7E60-4395-83B3-D55FFB504EB4}.Release|Any CPU.Build.0 = Release|Any CPU
		{7B6934EA-36D6-4176-83B0-4C02900888F9}.Debug|Any CPU.ActiveCfg = Debug|Any CPU
		{7B6934EA-36D6-4176-83B0-4C02900888F9}.Debug|Any CPU.Build.0 = Debug|Any CPU
		{7B6934EA-36D6-4176-83B0-4C02900888F9}.Release|Any CPU.ActiveCfg = Release|Any CPU
		{7B6934EA-36D6-4176-83B0-4C02900888F9}.Release|Any CPU.Build.0 = Release|Any CPU
		{2848C798-8BAB-43BE-8CDC-1EE26EEE6004}.Debug|Any CPU.ActiveCfg = Debug|Any CPU
		{2848C798-8BAB-43BE-8CDC-1EE26EEE6004}.Debug|Any CPU.Build.0 = Debug|Any CPU
		{2848C798-8BAB-43BE-8CDC-1EE26EEE6004}.Release|Any CPU.ActiveCfg = Release|Any CPU
		{2848C798-8BAB-43BE-8CDC-1EE26EEE6004}.Release|Any CPU.Build.0 = Release|Any CPU
		{D7DBE9E5-8E94-41DA-A71B-1F2B7A898951}.Debug|Any CPU.ActiveCfg = Debug|Any CPU
		{D7DBE9E5-8E94-41DA-A71B-1F2B7A898951}.Debug|Any CPU.Build.0 = Debug|Any CPU
		{D7DBE9E5-8E94-41DA-A71B-1F2B7A898951}.Release|Any CPU.ActiveCfg = Release|Any CPU
		{D7DBE9E5-8E94-41DA-A71B-1F2B7A898951}.Release|Any CPU.Build.0 = Release|Any CPU
		{4E02D9DA-D02A-47B2-B201-E6F0E8FB8FFD}.Debug|Any CPU.ActiveCfg = Debug|Any CPU
		{4E02D9DA-D02A-47B2-B201-E6F0E8FB8FFD}.Debug|Any CPU.Build.0 = Debug|Any CPU
		{4E02D9DA-D02A-47B2-B201-E6F0E8FB8FFD}.Release|Any CPU.ActiveCfg = Release|Any CPU
		{4E02D9DA-D02A-47B2-B201-E6F0E8FB8FFD}.Release|Any CPU.Build.0 = Release|Any CPU
		{550650FC-CF50-4623-A1FC-118D8925328D}.Debug|Any CPU.ActiveCfg = Debug|Any CPU
		{550650FC-CF50-4623-A1FC-118D8925328D}.Debug|Any CPU.Build.0 = Debug|Any CPU
		{550650FC-CF50-4623-A1FC-118D8925328D}.Release|Any CPU.ActiveCfg = Release|Any CPU
		{550650FC-CF50-4623-A1FC-118D8925328D}.Release|Any CPU.Build.0 = Release|Any CPU
		{014890BE-8EEA-40EA-863A-EB6FE6063725}.Debug|Any CPU.ActiveCfg = Debug|Any CPU
		{014890BE-8EEA-40EA-863A-EB6FE6063725}.Debug|Any CPU.Build.0 = Debug|Any CPU
		{014890BE-8EEA-40EA-863A-EB6FE6063725}.Release|Any CPU.ActiveCfg = Release|Any CPU
		{014890BE-8EEA-40EA-863A-EB6FE6063725}.Release|Any CPU.Build.0 = Release|Any CPU
		{F8BCBE91-43E9-432A-BC66-BB679A699193}.Debug|Any CPU.ActiveCfg = Debug|Any CPU
		{F8BCBE91-43E9-432A-BC66-BB679A699193}.Debug|Any CPU.Build.0 = Debug|Any CPU
		{F8BCBE91-43E9-432A-BC66-BB679A699193}.Release|Any CPU.ActiveCfg = Release|Any CPU
		{F8BCBE91-43E9-432A-BC66-BB679A699193}.Release|Any CPU.Build.0 = Release|Any CPU
		{C609BDA6-0FA4-46EA-892D-90C772EF9769}.Debug|Any CPU.ActiveCfg = Debug|Any CPU
		{C609BDA6-0FA4-46EA-892D-90C772EF9769}.Debug|Any CPU.Build.0 = Debug|Any CPU
		{C609BDA6-0FA4-46EA-892D-90C772EF9769}.Release|Any CPU.ActiveCfg = Release|Any CPU
		{C609BDA6-0FA4-46EA-892D-90C772EF9769}.Release|Any CPU.Build.0 = Release|Any CPU
		{AACA0DD4-64A0-4BD5-A4D4-32E39A23D0B7}.Debug|Any CPU.ActiveCfg = Debug|Any CPU
		{AACA0DD4-64A0-4BD5-A4D4-32E39A23D0B7}.Debug|Any CPU.Build.0 = Debug|Any CPU
		{AACA0DD4-64A0-4BD5-A4D4-32E39A23D0B7}.Release|Any CPU.ActiveCfg = Release|Any CPU
		{AACA0DD4-64A0-4BD5-A4D4-32E39A23D0B7}.Release|Any CPU.Build.0 = Release|Any CPU
	EndGlobalSection
	GlobalSection(SolutionProperties) = preSolution
		HideSolutionNode = FALSE
	EndGlobalSection
EndGlobal
