
Microsoft Visual Studio Solution File, Format Version 12.00
# Visual Studio 14
VisualStudioVersion = 14.0.25420.1
MinimumVisualStudioVersion = 10.0.40219.1
Project("{FAE04EC0-301F-11D3-BF4B-00C04F79EFBC}") = "1. Censorship", "More Exercises Strings and Regex\1. Censorship.csproj", "{D95B2520-E14D-461D-A443-920D53B0D9A3}"
EndProject
Project("{FAE04EC0-301F-11D3-BF4B-00C04F79EFBC}") = "2. Email Me", "2. Email Me\2. Email Me.csproj", "{22C3E55A-D99E-4D8E-ADBB-36534120C0D3}"
EndProject
Project("{FAE04EC0-301F-11D3-BF4B-00C04F79EFBC}") = "3. Karate Strings", "3. Karate Strings\3. Karate Strings.csproj", "{0E7F6B20-D8CD-4325-8B65-3CD655573CF8}"
EndProject
Project("{FAE04EC0-301F-11D3-BF4B-00C04F79EFBC}") = "4. Morse Code Upgraded", "4. Morse Code Upgraded\4. Morse Code Upgraded.csproj", "{12FA1CF5-C51A-4DE9-BA21-59853AC880F2}"
EndProject
Project("{FAE04EC0-301F-11D3-BF4B-00C04F79EFBC}") = "5. Only Letters", "5. Only Letters\5. Only Letters.csproj", "{2ED71397-399F-4C8B-AAEE-0B8C23F6A9B5}"
EndProject
Project("{FAE04EC0-301F-11D3-BF4B-00C04F79EFBC}") = "6. Email Statistics", "6. Email Statistics\6. Email Statistics.csproj", "{FEC0A91F-336E-4278-A16A-C43222D67F0F}"
EndProject
Project("{FAE04EC0-301F-11D3-BF4B-00C04F79EFBC}") = "7. Hideout", "7. Hideout\7. Hideout.csproj", "{35131A8B-7FEA-4E37-B6D5-4E8E10FAE506}"
EndProject
Project("{FAE04EC0-301F-11D3-BF4B-00C04F79EFBC}") = "8. Mines", "8. Mines\8. Mines.csproj", "{24288E9D-791C-4728-B405-40EAB4CA5E0A}"
EndProject
Global
	GlobalSection(SolutionConfigurationPlatforms) = preSolution
		Debug|Any CPU = Debug|Any CPU
		Release|Any CPU = Release|Any CPU
	EndGlobalSection
	GlobalSection(ProjectConfigurationPlatforms) = postSolution
		{D95B2520-E14D-461D-A443-920D53B0D9A3}.Debug|Any CPU.ActiveCfg = Debug|Any CPU
		{D95B2520-E14D-461D-A443-920D53B0D9A3}.Debug|Any CPU.Build.0 = Debug|Any CPU
		{D95B2520-E14D-461D-A443-920D53B0D9A3}.Release|Any CPU.ActiveCfg = Release|Any CPU
		{D95B2520-E14D-461D-A443-920D53B0D9A3}.Release|Any CPU.Build.0 = Release|Any CPU
		{22C3E55A-D99E-4D8E-ADBB-36534120C0D3}.Debug|Any CPU.ActiveCfg = Debug|Any CPU
		{22C3E55A-D99E-4D8E-ADBB-36534120C0D3}.Debug|Any CPU.Build.0 = Debug|Any CPU
		{22C3E55A-D99E-4D8E-ADBB-36534120C0D3}.Release|Any CPU.ActiveCfg = Release|Any CPU
		{22C3E55A-D99E-4D8E-ADBB-36534120C0D3}.Release|Any CPU.Build.0 = Release|Any CPU
		{0E7F6B20-D8CD-4325-8B65-3CD655573CF8}.Debug|Any CPU.ActiveCfg = Debug|Any CPU
		{0E7F6B20-D8CD-4325-8B65-3CD655573CF8}.Debug|Any CPU.Build.0 = Debug|Any CPU
		{0E7F6B20-D8CD-4325-8B65-3CD655573CF8}.Release|Any CPU.ActiveCfg = Release|Any CPU
		{0E7F6B20-D8CD-4325-8B65-3CD655573CF8}.Release|Any CPU.Build.0 = Release|Any CPU
		{12FA1CF5-C51A-4DE9-BA21-59853AC880F2}.Debug|Any CPU.ActiveCfg = Debug|Any CPU
		{12FA1CF5-C51A-4DE9-BA21-59853AC880F2}.Debug|Any CPU.Build.0 = Debug|Any CPU
		{12FA1CF5-C51A-4DE9-BA21-59853AC880F2}.Release|Any CPU.ActiveCfg = Release|Any CPU
		{12FA1CF5-C51A-4DE9-BA21-59853AC880F2}.Release|Any CPU.Build.0 = Release|Any CPU
		{2ED71397-399F-4C8B-AAEE-0B8C23F6A9B5}.Debug|Any CPU.ActiveCfg = Debug|Any CPU
		{2ED71397-399F-4C8B-AAEE-0B8C23F6A9B5}.Debug|Any CPU.Build.0 = Debug|Any CPU
		{2ED71397-399F-4C8B-AAEE-0B8C23F6A9B5}.Release|Any CPU.ActiveCfg = Release|Any CPU
		{2ED71397-399F-4C8B-AAEE-0B8C23F6A9B5}.Release|Any CPU.Build.0 = Release|Any CPU
		{FEC0A91F-336E-4278-A16A-C43222D67F0F}.Debug|Any CPU.ActiveCfg = Debug|Any CPU
		{FEC0A91F-336E-4278-A16A-C43222D67F0F}.Debug|Any CPU.Build.0 = Debug|Any CPU
		{FEC0A91F-336E-4278-A16A-C43222D67F0F}.Release|Any CPU.ActiveCfg = Release|Any CPU
		{FEC0A91F-336E-4278-A16A-C43222D67F0F}.Release|Any CPU.Build.0 = Release|Any CPU
		{35131A8B-7FEA-4E37-B6D5-4E8E10FAE506}.Debug|Any CPU.ActiveCfg = Debug|Any CPU
		{35131A8B-7FEA-4E37-B6D5-4E8E10FAE506}.Debug|Any CPU.Build.0 = Debug|Any CPU
		{35131A8B-7FEA-4E37-B6D5-4E8E10FAE506}.Release|Any CPU.ActiveCfg = Release|Any CPU
		{35131A8B-7FEA-4E37-B6D5-4E8E10FAE506}.Release|Any CPU.Build.0 = Release|Any CPU
		{24288E9D-791C-4728-B405-40EAB4CA5E0A}.Debug|Any CPU.ActiveCfg = Debug|Any CPU
		{24288E9D-791C-4728-B405-40EAB4CA5E0A}.Debug|Any CPU.Build.0 = Debug|Any CPU
		{24288E9D-791C-4728-B405-40EAB4CA5E0A}.Release|Any CPU.ActiveCfg = Release|Any CPU
		{24288E9D-791C-4728-B405-40EAB4CA5E0A}.Release|Any CPU.Build.0 = Release|Any CPU
	EndGlobalSection
	GlobalSection(SolutionProperties) = preSolution
		HideSolutionNode = FALSE
	EndGlobalSection
EndGlobal
