
Microsoft Visual Studio Solution File, Format Version 12.00
# Visual Studio 14
VisualStudioVersion = 14.0.25420.1
MinimumVisualStudioVersion = 10.0.40219.1
Project("{FAE04EC0-301F-11D3-BF4B-00C04F79EFBC}") = "Problem 1. Sino The Walker", "Exam Preparation I\Problem 1. Sino The Walker.csproj", "{05DBB090-F4B5-42DE-83EF-91AA500D570C}"
EndProject
Project("{FAE04EC0-301F-11D3-BF4B-00C04F79EFBC}") = "Problem 2. SoftUni Karaoke", "Problem 2. SoftUni Karaoke\Problem 2. SoftUni Karaoke.csproj", "{23253346-753C-49EF-9301-B9617F5E53C5}"
EndProject
Project("{FAE04EC0-301F-11D3-BF4B-00C04F79EFBC}") = "Problem 3 – Endurance Rally", "Problem 3 – Endurance Rally\Problem 3 – Endurance Rally.csproj", "{FE877573-41D1-4888-8078-03364526C9E2}"
EndProject
Project("{FAE04EC0-301F-11D3-BF4B-00C04F79EFBC}") = "Problem 4 – Winning Ticket", "Problem 4 – Winning Ticket\Problem 4 – Winning Ticket.csproj", "{083D2A08-1588-4BA1-889B-93E1FEC4BC34}"
EndProject
Global
	GlobalSection(SolutionConfigurationPlatforms) = preSolution
		Debug|Any CPU = Debug|Any CPU
		Release|Any CPU = Release|Any CPU
	EndGlobalSection
	GlobalSection(ProjectConfigurationPlatforms) = postSolution
		{05DBB090-F4B5-42DE-83EF-91AA500D570C}.Debug|Any CPU.ActiveCfg = Debug|Any CPU
		{05DBB090-F4B5-42DE-83EF-91AA500D570C}.Debug|Any CPU.Build.0 = Debug|Any CPU
		{05DBB090-F4B5-42DE-83EF-91AA500D570C}.Release|Any CPU.ActiveCfg = Release|Any CPU
		{05DBB090-F4B5-42DE-83EF-91AA500D570C}.Release|Any CPU.Build.0 = Release|Any CPU
		{23253346-753C-49EF-9301-B9617F5E53C5}.Debug|Any CPU.ActiveCfg = Debug|Any CPU
		{23253346-753C-49EF-9301-B9617F5E53C5}.Debug|Any CPU.Build.0 = Debug|Any CPU
		{23253346-753C-49EF-9301-B9617F5E53C5}.Release|Any CPU.ActiveCfg = Release|Any CPU
		{23253346-753C-49EF-9301-B9617F5E53C5}.Release|Any CPU.Build.0 = Release|Any CPU
		{FE877573-41D1-4888-8078-03364526C9E2}.Debug|Any CPU.ActiveCfg = Debug|Any CPU
		{FE877573-41D1-4888-8078-03364526C9E2}.Debug|Any CPU.Build.0 = Debug|Any CPU
		{FE877573-41D1-4888-8078-03364526C9E2}.Release|Any CPU.ActiveCfg = Release|Any CPU
		{FE877573-41D1-4888-8078-03364526C9E2}.Release|Any CPU.Build.0 = Release|Any CPU
		{083D2A08-1588-4BA1-889B-93E1FEC4BC34}.Debug|Any CPU.ActiveCfg = Debug|Any CPU
		{083D2A08-1588-4BA1-889B-93E1FEC4BC34}.Debug|Any CPU.Build.0 = Debug|Any CPU
		{083D2A08-1588-4BA1-889B-93E1FEC4BC34}.Release|Any CPU.ActiveCfg = Release|Any CPU
		{083D2A08-1588-4BA1-889B-93E1FEC4BC34}.Release|Any CPU.Build.0 = Release|Any CPU
	EndGlobalSection
	GlobalSection(SolutionProperties) = preSolution
		HideSolutionNode = FALSE
	EndGlobalSection
EndGlobal
