
Microsoft Visual Studio Solution File, Format Version 12.00
# Visual Studio 14
VisualStudioVersion = 14.0.25420.1
MinimumVisualStudioVersion = 10.0.40219.1
Project("{FAE04EC0-301F-11D3-BF4B-00C04F79EFBC}") = "1.3 Max Sequence of Equal Elements", "1.3 Max Sequence of Equal Elements\1.3 Max Sequence of Equal Elements.csproj", "{8BF023C6-48D9-4B87-AB0D-DBE51A5D50F0}"
EndProject
Global
	GlobalSection(SolutionConfigurationPlatforms) = preSolution
		Debug|Any CPU = Debug|Any CPU
		Release|Any CPU = Release|Any CPU
	EndGlobalSection
	GlobalSection(ProjectConfigurationPlatforms) = postSolution
		{8BF023C6-48D9-4B87-AB0D-DBE51A5D50F0}.Debug|Any CPU.ActiveCfg = Debug|Any CPU
		{8BF023C6-48D9-4B87-AB0D-DBE51A5D50F0}.Debug|Any CPU.Build.0 = Debug|Any CPU
		{8BF023C6-48D9-4B87-AB0D-DBE51A5D50F0}.Release|Any CPU.ActiveCfg = Release|Any CPU
		{8BF023C6-48D9-4B87-AB0D-DBE51A5D50F0}.Release|Any CPU.Build.0 = Release|Any CPU
	EndGlobalSection
	GlobalSection(SolutionProperties) = preSolution
		HideSolutionNode = FALSE
	EndGlobalSection
EndGlobal
