
Microsoft Visual Studio Solution File, Format Version 12.00
# Visual Studio 14
VisualStudioVersion = 14.0.25420.1
MinimumVisualStudioVersion = 10.0.40219.1
Project("{FAE04EC0-301F-11D3-BF4B-00C04F79EFBC}") = "1. Count Working Days", "Exercises Objects and Classes\1. Count Working Days.csproj", "{CD3ECEE3-44C9-4B0E-B18F-26E1C30F8AD2}"
EndProject
Project("{FAE04EC0-301F-11D3-BF4B-00C04F79EFBC}") = "2. Advertisement Message", "2. Advertisement Message\2. Advertisement Message.csproj", "{D0678A44-0B89-4DEC-BAA9-366D25D42EBD}"
EndProject
Project("{FAE04EC0-301F-11D3-BF4B-00C04F79EFBC}") = "3. Intersection of Circles", "3. Intersection of Circles\3. Intersection of Circles.csproj", "{852A4CE1-89A8-46C6-856C-527A1934372A}"
EndProject
Project("{FAE04EC0-301F-11D3-BF4B-00C04F79EFBC}") = "4. Average Grades", "4. Average Grades\4. Average Grades.csproj", "{8314AC34-3A9E-44C9-91A3-240545827700}"
EndProject
Project("{FAE04EC0-301F-11D3-BF4B-00C04F79EFBC}") = "5. Book Library", "5. Book Library\5. Book Library.csproj", "{4916E149-7F07-4EE3-838A-5F1860C4E4ED}"
EndProject
Project("{FAE04EC0-301F-11D3-BF4B-00C04F79EFBC}") = "6. Book Library Modification", "6. Book Library Modification\6. Book Library Modification.csproj", "{5AF449FD-8AAE-4110-A520-37BE920FEF4E}"
EndProject
Project("{FAE04EC0-301F-11D3-BF4B-00C04F79EFBC}") = "7. Andrey and billiard", "7. Andrey and billiard\7. Andrey and billiard.csproj", "{936D5DD9-4B0C-4B15-8E22-F87BAABCD5A6}"
EndProject
Project("{FAE04EC0-301F-11D3-BF4B-00C04F79EFBC}") = "8. Mentor group", "8. Mentor group\8. Mentor group.csproj", "{AF510199-C4DF-4029-921D-DDB4CB87D95C}"
EndProject
Project("{FAE04EC0-301F-11D3-BF4B-00C04F79EFBC}") = "9. Teamwork projects", "9. Teamwork projects\9. Teamwork projects.csproj", "{C7237084-20D9-400B-8339-47F7064A95BE}"
EndProject
Project("{FAE04EC0-301F-11D3-BF4B-00C04F79EFBC}") = "10. Student Groups", "10. Student Groups\10. Student Groups.csproj", "{E3CF1A0C-1B9A-4B33-9E04-5A3394C1C083}"
EndProject
Global
	GlobalSection(SolutionConfigurationPlatforms) = preSolution
		Debug|Any CPU = Debug|Any CPU
		Release|Any CPU = Release|Any CPU
	EndGlobalSection
	GlobalSection(ProjectConfigurationPlatforms) = postSolution
		{CD3ECEE3-44C9-4B0E-B18F-26E1C30F8AD2}.Debug|Any CPU.ActiveCfg = Debug|Any CPU
		{CD3ECEE3-44C9-4B0E-B18F-26E1C30F8AD2}.Debug|Any CPU.Build.0 = Debug|Any CPU
		{CD3ECEE3-44C9-4B0E-B18F-26E1C30F8AD2}.Release|Any CPU.ActiveCfg = Release|Any CPU
		{CD3ECEE3-44C9-4B0E-B18F-26E1C30F8AD2}.Release|Any CPU.Build.0 = Release|Any CPU
		{D0678A44-0B89-4DEC-BAA9-366D25D42EBD}.Debug|Any CPU.ActiveCfg = Debug|Any CPU
		{D0678A44-0B89-4DEC-BAA9-366D25D42EBD}.Debug|Any CPU.Build.0 = Debug|Any CPU
		{D0678A44-0B89-4DEC-BAA9-366D25D42EBD}.Release|Any CPU.ActiveCfg = Release|Any CPU
		{D0678A44-0B89-4DEC-BAA9-366D25D42EBD}.Release|Any CPU.Build.0 = Release|Any CPU
		{852A4CE1-89A8-46C6-856C-527A1934372A}.Debug|Any CPU.ActiveCfg = Debug|Any CPU
		{852A4CE1-89A8-46C6-856C-527A1934372A}.Debug|Any CPU.Build.0 = Debug|Any CPU
		{852A4CE1-89A8-46C6-856C-527A1934372A}.Release|Any CPU.ActiveCfg = Release|Any CPU
		{852A4CE1-89A8-46C6-856C-527A1934372A}.Release|Any CPU.Build.0 = Release|Any CPU
		{8314AC34-3A9E-44C9-91A3-240545827700}.Debug|Any CPU.ActiveCfg = Debug|Any CPU
		{8314AC34-3A9E-44C9-91A3-240545827700}.Debug|Any CPU.Build.0 = Debug|Any CPU
		{8314AC34-3A9E-44C9-91A3-240545827700}.Release|Any CPU.ActiveCfg = Release|Any CPU
		{8314AC34-3A9E-44C9-91A3-240545827700}.Release|Any CPU.Build.0 = Release|Any CPU
		{4916E149-7F07-4EE3-838A-5F1860C4E4ED}.Debug|Any CPU.ActiveCfg = Debug|Any CPU
		{4916E149-7F07-4EE3-838A-5F1860C4E4ED}.Debug|Any CPU.Build.0 = Debug|Any CPU
		{4916E149-7F07-4EE3-838A-5F1860C4E4ED}.Release|Any CPU.ActiveCfg = Release|Any CPU
		{4916E149-7F07-4EE3-838A-5F1860C4E4ED}.Release|Any CPU.Build.0 = Release|Any CPU
		{5AF449FD-8AAE-4110-A520-37BE920FEF4E}.Debug|Any CPU.ActiveCfg = Debug|Any CPU
		{5AF449FD-8AAE-4110-A520-37BE920FEF4E}.Debug|Any CPU.Build.0 = Debug|Any CPU
		{5AF449FD-8AAE-4110-A520-37BE920FEF4E}.Release|Any CPU.ActiveCfg = Release|Any CPU
		{5AF449FD-8AAE-4110-A520-37BE920FEF4E}.Release|Any CPU.Build.0 = Release|Any CPU
		{936D5DD9-4B0C-4B15-8E22-F87BAABCD5A6}.Debug|Any CPU.ActiveCfg = Debug|Any CPU
		{936D5DD9-4B0C-4B15-8E22-F87BAABCD5A6}.Debug|Any CPU.Build.0 = Debug|Any CPU
		{936D5DD9-4B0C-4B15-8E22-F87BAABCD5A6}.Release|Any CPU.ActiveCfg = Release|Any CPU
		{936D5DD9-4B0C-4B15-8E22-F87BAABCD5A6}.Release|Any CPU.Build.0 = Release|Any CPU
		{AF510199-C4DF-4029-921D-DDB4CB87D95C}.Debug|Any CPU.ActiveCfg = Debug|Any CPU
		{AF510199-C4DF-4029-921D-DDB4CB87D95C}.Debug|Any CPU.Build.0 = Debug|Any CPU
		{AF510199-C4DF-4029-921D-DDB4CB87D95C}.Release|Any CPU.ActiveCfg = Release|Any CPU
		{AF510199-C4DF-4029-921D-DDB4CB87D95C}.Release|Any CPU.Build.0 = Release|Any CPU
		{C7237084-20D9-400B-8339-47F7064A95BE}.Debug|Any CPU.ActiveCfg = Debug|Any CPU
		{C7237084-20D9-400B-8339-47F7064A95BE}.Debug|Any CPU.Build.0 = Debug|Any CPU
		{C7237084-20D9-400B-8339-47F7064A95BE}.Release|Any CPU.ActiveCfg = Release|Any CPU
		{C7237084-20D9-400B-8339-47F7064A95BE}.Release|Any CPU.Build.0 = Release|Any CPU
		{E3CF1A0C-1B9A-4B33-9E04-5A3394C1C083}.Debug|Any CPU.ActiveCfg = Debug|Any CPU
		{E3CF1A0C-1B9A-4B33-9E04-5A3394C1C083}.Debug|Any CPU.Build.0 = Debug|Any CPU
		{E3CF1A0C-1B9A-4B33-9E04-5A3394C1C083}.Release|Any CPU.ActiveCfg = Release|Any CPU
		{E3CF1A0C-1B9A-4B33-9E04-5A3394C1C083}.Release|Any CPU.Build.0 = Release|Any CPU
	EndGlobalSection
	GlobalSection(SolutionProperties) = preSolution
		HideSolutionNode = FALSE
	EndGlobalSection
EndGlobal
