
Microsoft Visual Studio Solution File, Format Version 12.00
# Visual Studio 14
VisualStudioVersion = 14.0.25420.1
MinimumVisualStudioVersion = 10.0.40219.1
Project("{FAE04EC0-301F-11D3-BF4B-00C04F79EFBC}") = "Problem 1. Poke Mon", "PF Exam - 09 July 2017 Part 1\Problem 1. Poke Mon.csproj", "{7A317F2F-1E99-4CAE-A60A-514D50278D6E}"
EndProject
Project("{FAE04EC0-301F-11D3-BF4B-00C04F79EFBC}") = "Problem 2. Pokemon Don’t Go", "Problem 2. Pokemon Don’t Go\Problem 2. Pokemon Don’t Go.csproj", "{53301FE1-1F9E-48D6-AE0A-FE0DAF198BD4}"
EndProject
Global
	GlobalSection(SolutionConfigurationPlatforms) = preSolution
		Debug|Any CPU = Debug|Any CPU
		Release|Any CPU = Release|Any CPU
	EndGlobalSection
	GlobalSection(ProjectConfigurationPlatforms) = postSolution
		{7A317F2F-1E99-4CAE-A60A-514D50278D6E}.Debug|Any CPU.ActiveCfg = Debug|Any CPU
		{7A317F2F-1E99-4CAE-A60A-514D50278D6E}.Debug|Any CPU.Build.0 = Debug|Any CPU
		{7A317F2F-1E99-4CAE-A60A-514D50278D6E}.Release|Any CPU.ActiveCfg = Release|Any CPU
		{7A317F2F-1E99-4CAE-A60A-514D50278D6E}.Release|Any CPU.Build.0 = Release|Any CPU
		{53301FE1-1F9E-48D6-AE0A-FE0DAF198BD4}.Debug|Any CPU.ActiveCfg = Debug|Any CPU
		{53301FE1-1F9E-48D6-AE0A-FE0DAF198BD4}.Debug|Any CPU.Build.0 = Debug|Any CPU
		{53301FE1-1F9E-48D6-AE0A-FE0DAF198BD4}.Release|Any CPU.ActiveCfg = Release|Any CPU
		{53301FE1-1F9E-48D6-AE0A-FE0DAF198BD4}.Release|Any CPU.Build.0 = Release|Any CPU
	EndGlobalSection
	GlobalSection(SolutionProperties) = preSolution
		HideSolutionNode = FALSE
	EndGlobalSection
EndGlobal
