
Microsoft Visual Studio Solution File, Format Version 12.00
# Visual Studio 14
VisualStudioVersion = 14.0.25420.1
MinimumVisualStudioVersion = 10.0.40219.1
Project("{FAE04EC0-301F-11D3-BF4B-00C04F79EFBC}") = "PF - 12. Rectangle Properties", "PF - 12. Rectangle Properties\PF - 12. Rectangle Properties.csproj", "{4979DA1D-B0B8-439E-A6DD-4638DCAFC829}"
EndProject
Global
	GlobalSection(SolutionConfigurationPlatforms) = preSolution
		Debug|Any CPU = Debug|Any CPU
		Release|Any CPU = Release|Any CPU
	EndGlobalSection
	GlobalSection(ProjectConfigurationPlatforms) = postSolution
		{4979DA1D-B0B8-439E-A6DD-4638DCAFC829}.Debug|Any CPU.ActiveCfg = Debug|Any CPU
		{4979DA1D-B0B8-439E-A6DD-4638DCAFC829}.Debug|Any CPU.Build.0 = Debug|Any CPU
		{4979DA1D-B0B8-439E-A6DD-4638DCAFC829}.Release|Any CPU.ActiveCfg = Release|Any CPU
		{4979DA1D-B0B8-439E-A6DD-4638DCAFC829}.Release|Any CPU.Build.0 = Release|Any CPU
	EndGlobalSection
	GlobalSection(SolutionProperties) = preSolution
		HideSolutionNode = FALSE
	EndGlobalSection
EndGlobal
