
Microsoft Visual Studio Solution File, Format Version 12.00
# Visual Studio 14
VisualStudioVersion = 14.0.25420.1
MinimumVisualStudioVersion = 10.0.40219.1
Project("{FAE04EC0-301F-11D3-BF4B-00C04F79EFBC}") = "1. Phonebook", "Exercises Dictionaries, Lambda and LINQ\1. Phonebook.csproj", "{83145F04-87F9-4E07-A5BD-ABFBBC311DBE}"
EndProject
Project("{FAE04EC0-301F-11D3-BF4B-00C04F79EFBC}") = "2.  Phonebook Upgrade - Lists", "2.  Phonebook Upgrade\2.  Phonebook Upgrade - Lists.csproj", "{DC811FEA-D5B4-4ACA-BEF2-2B4817140475}"
EndProject
Project("{FAE04EC0-301F-11D3-BF4B-00C04F79EFBC}") = "2. Phonebook Update Rev2 - Dict", "Phonebook Update Rev2\2. Phonebook Update Rev2 - Dict.csproj", "{D5DDB83B-D326-4925-B6E6-CE60CC830D5F}"
EndProject
Project("{FAE04EC0-301F-11D3-BF4B-00C04F79EFBC}") = "3. A Miner Task", "3. A Miner Task\3. A Miner Task.csproj", "{311FB774-57A8-406C-96B7-4708DDB1D92D}"
EndProject
Project("{FAE04EC0-301F-11D3-BF4B-00C04F79EFBC}") = "4. Fix Emails", "04. Fix Emails\4. Fix Emails.csproj", "{08AEC3C3-5113-404E-8E07-A6A6C00D91F3}"
EndProject
Project("{FAE04EC0-301F-11D3-BF4B-00C04F79EFBC}") = "5. Hands of Cards", "5. Hands of Cards\5. Hands of Cards.csproj", "{B8FAEA72-6160-4403-A3CF-1CBDD161700A}"
EndProject
Project("{FAE04EC0-301F-11D3-BF4B-00C04F79EFBC}") = "6. User Logs", "6. User Logs\6. User Logs.csproj", "{51B59E9D-EB43-4A8E-A4AE-D4ECA4E3FEA7}"
EndProject
Project("{FAE04EC0-301F-11D3-BF4B-00C04F79EFBC}") = "7. Population Counter", "7. Population Counter\7. Population Counter.csproj", "{384625B7-0670-4798-A2EF-158E80B736EC}"
EndProject
Project("{FAE04EC0-301F-11D3-BF4B-00C04F79EFBC}") = "8. Logs Aggregator", "8. Logs Aggregator\8. Logs Aggregator.csproj", "{3E515A54-3108-45D4-9F42-6AAB3116B986}"
EndProject
Project("{FAE04EC0-301F-11D3-BF4B-00C04F79EFBC}") = "9. Legendary Farming", "9. Legendary Farming\9. Legendary Farming.csproj", "{44988664-1713-48E9-8EA1-9D806AB5D37C}"
EndProject
Project("{FAE04EC0-301F-11D3-BF4B-00C04F79EFBC}") = "10. Сръбско Unleashed", "10. Сръбско Unleashed\10. Сръбско Unleashed.csproj", "{CF311BB0-B6BB-4730-BE9B-5586BA5CB09D}"
EndProject
Project("{FAE04EC0-301F-11D3-BF4B-00C04F79EFBC}") = "11.  Dragon Army", "11.  Dragon Army\11.  Dragon Army.csproj", "{9CD9DAD2-ADF9-4721-AE1C-426578C60FD8}"
EndProject
Project("{FAE04EC0-301F-11D3-BF4B-00C04F79EFBC}") = "3. A Miner Task_Rev2", "3. A Miner Task_Rev2\3. A Miner Task_Rev2.csproj", "{0498368D-39CB-4242-B2DF-CE9AC4F6D1A4}"
EndProject
Project("{FAE04EC0-301F-11D3-BF4B-00C04F79EFBC}") = "4. Fix Emails_Rev2", "4. Fix Emails_Rev2\4. Fix Emails_Rev2.csproj", "{6E74BC89-A84B-4D4D-911F-929B6D6461D2}"
EndProject
Project("{FAE04EC0-301F-11D3-BF4B-00C04F79EFBC}") = "5. Hands of Cards_Rev2", "5. Hands of Cards_Rev2\5. Hands of Cards_Rev2.csproj", "{8AC40CD8-92F4-4213-96A8-EC6CE8339FB2}"
EndProject
Project("{FAE04EC0-301F-11D3-BF4B-00C04F79EFBC}") = "6. User Logs_Rev2", "6. User Logs_Rev2\6. User Logs_Rev2.csproj", "{A40FB9D9-BB5F-4549-BFB8-D0B951CBD6C1}"
EndProject
Project("{FAE04EC0-301F-11D3-BF4B-00C04F79EFBC}") = "7. Population Counter_Rev2", "7. Population Counter_Rev2\7. Population Counter_Rev2.csproj", "{FBE1726C-E865-4982-A9B3-7BF34126A6FA}"
EndProject
Project("{FAE04EC0-301F-11D3-BF4B-00C04F79EFBC}") = "9. Legendary Farming_Rev2", "9. Legendary Farming_Rev2\9. Legendary Farming_Rev2.csproj", "{CEEE8E4C-55AD-4202-9F2C-CF9B661E618F}"
EndProject
Project("{FAE04EC0-301F-11D3-BF4B-00C04F79EFBC}") = "10. Сръбско Unleashed_Rev2", "10. Сръбско Unleashed_Rev2\10. Сръбско Unleashed_Rev2.csproj", "{3A7B02F5-DF9F-40E1-A500-A1005A45454B}"
EndProject
Global
	GlobalSection(SolutionConfigurationPlatforms) = preSolution
		Debug|Any CPU = Debug|Any CPU
		Release|Any CPU = Release|Any CPU
	EndGlobalSection
	GlobalSection(ProjectConfigurationPlatforms) = postSolution
		{83145F04-87F9-4E07-A5BD-ABFBBC311DBE}.Debug|Any CPU.ActiveCfg = Debug|Any CPU
		{83145F04-87F9-4E07-A5BD-ABFBBC311DBE}.Debug|Any CPU.Build.0 = Debug|Any CPU
		{83145F04-87F9-4E07-A5BD-ABFBBC311DBE}.Release|Any CPU.ActiveCfg = Release|Any CPU
		{83145F04-87F9-4E07-A5BD-ABFBBC311DBE}.Release|Any CPU.Build.0 = Release|Any CPU
		{DC811FEA-D5B4-4ACA-BEF2-2B4817140475}.Debug|Any CPU.ActiveCfg = Debug|Any CPU
		{DC811FEA-D5B4-4ACA-BEF2-2B4817140475}.Debug|Any CPU.Build.0 = Debug|Any CPU
		{DC811FEA-D5B4-4ACA-BEF2-2B4817140475}.Release|Any CPU.ActiveCfg = Release|Any CPU
		{DC811FEA-D5B4-4ACA-BEF2-2B4817140475}.Release|Any CPU.Build.0 = Release|Any CPU
		{D5DDB83B-D326-4925-B6E6-CE60CC830D5F}.Debug|Any CPU.ActiveCfg = Debug|Any CPU
		{D5DDB83B-D326-4925-B6E6-CE60CC830D5F}.Debug|Any CPU.Build.0 = Debug|Any CPU
		{D5DDB83B-D326-4925-B6E6-CE60CC830D5F}.Release|Any CPU.ActiveCfg = Release|Any CPU
		{D5DDB83B-D326-4925-B6E6-CE60CC830D5F}.Release|Any CPU.Build.0 = Release|Any CPU
		{311FB774-57A8-406C-96B7-4708DDB1D92D}.Debug|Any CPU.ActiveCfg = Debug|Any CPU
		{311FB774-57A8-406C-96B7-4708DDB1D92D}.Debug|Any CPU.Build.0 = Debug|Any CPU
		{311FB774-57A8-406C-96B7-4708DDB1D92D}.Release|Any CPU.ActiveCfg = Release|Any CPU
		{311FB774-57A8-406C-96B7-4708DDB1D92D}.Release|Any CPU.Build.0 = Release|Any CPU
		{08AEC3C3-5113-404E-8E07-A6A6C00D91F3}.Debug|Any CPU.ActiveCfg = Debug|Any CPU
		{08AEC3C3-5113-404E-8E07-A6A6C00D91F3}.Debug|Any CPU.Build.0 = Debug|Any CPU
		{08AEC3C3-5113-404E-8E07-A6A6C00D91F3}.Release|Any CPU.ActiveCfg = Release|Any CPU
		{08AEC3C3-5113-404E-8E07-A6A6C00D91F3}.Release|Any CPU.Build.0 = Release|Any CPU
		{B8FAEA72-6160-4403-A3CF-1CBDD161700A}.Debug|Any CPU.ActiveCfg = Debug|Any CPU
		{B8FAEA72-6160-4403-A3CF-1CBDD161700A}.Debug|Any CPU.Build.0 = Debug|Any CPU
		{B8FAEA72-6160-4403-A3CF-1CBDD161700A}.Release|Any CPU.ActiveCfg = Release|Any CPU
		{B8FAEA72-6160-4403-A3CF-1CBDD161700A}.Release|Any CPU.Build.0 = Release|Any CPU
		{51B59E9D-EB43-4A8E-A4AE-D4ECA4E3FEA7}.Debug|Any CPU.ActiveCfg = Debug|Any CPU
		{51B59E9D-EB43-4A8E-A4AE-D4ECA4E3FEA7}.Debug|Any CPU.Build.0 = Debug|Any CPU
		{51B59E9D-EB43-4A8E-A4AE-D4ECA4E3FEA7}.Release|Any CPU.ActiveCfg = Release|Any CPU
		{51B59E9D-EB43-4A8E-A4AE-D4ECA4E3FEA7}.Release|Any CPU.Build.0 = Release|Any CPU
		{384625B7-0670-4798-A2EF-158E80B736EC}.Debug|Any CPU.ActiveCfg = Debug|Any CPU
		{384625B7-0670-4798-A2EF-158E80B736EC}.Debug|Any CPU.Build.0 = Debug|Any CPU
		{384625B7-0670-4798-A2EF-158E80B736EC}.Release|Any CPU.ActiveCfg = Release|Any CPU
		{384625B7-0670-4798-A2EF-158E80B736EC}.Release|Any CPU.Build.0 = Release|Any CPU
		{3E515A54-3108-45D4-9F42-6AAB3116B986}.Debug|Any CPU.ActiveCfg = Debug|Any CPU
		{3E515A54-3108-45D4-9F42-6AAB3116B986}.Debug|Any CPU.Build.0 = Debug|Any CPU
		{3E515A54-3108-45D4-9F42-6AAB3116B986}.Release|Any CPU.ActiveCfg = Release|Any CPU
		{3E515A54-3108-45D4-9F42-6AAB3116B986}.Release|Any CPU.Build.0 = Release|Any CPU
		{44988664-1713-48E9-8EA1-9D806AB5D37C}.Debug|Any CPU.ActiveCfg = Debug|Any CPU
		{44988664-1713-48E9-8EA1-9D806AB5D37C}.Debug|Any CPU.Build.0 = Debug|Any CPU
		{44988664-1713-48E9-8EA1-9D806AB5D37C}.Release|Any CPU.ActiveCfg = Release|Any CPU
		{44988664-1713-48E9-8EA1-9D806AB5D37C}.Release|Any CPU.Build.0 = Release|Any CPU
		{CF311BB0-B6BB-4730-BE9B-5586BA5CB09D}.Debug|Any CPU.ActiveCfg = Debug|Any CPU
		{CF311BB0-B6BB-4730-BE9B-5586BA5CB09D}.Debug|Any CPU.Build.0 = Debug|Any CPU
		{CF311BB0-B6BB-4730-BE9B-5586BA5CB09D}.Release|Any CPU.ActiveCfg = Release|Any CPU
		{CF311BB0-B6BB-4730-BE9B-5586BA5CB09D}.Release|Any CPU.Build.0 = Release|Any CPU
		{9CD9DAD2-ADF9-4721-AE1C-426578C60FD8}.Debug|Any CPU.ActiveCfg = Debug|Any CPU
		{9CD9DAD2-ADF9-4721-AE1C-426578C60FD8}.Debug|Any CPU.Build.0 = Debug|Any CPU
		{9CD9DAD2-ADF9-4721-AE1C-426578C60FD8}.Release|Any CPU.ActiveCfg = Release|Any CPU
		{9CD9DAD2-ADF9-4721-AE1C-426578C60FD8}.Release|Any CPU.Build.0 = Release|Any CPU
		{0498368D-39CB-4242-B2DF-CE9AC4F6D1A4}.Debug|Any CPU.ActiveCfg = Debug|Any CPU
		{0498368D-39CB-4242-B2DF-CE9AC4F6D1A4}.Debug|Any CPU.Build.0 = Debug|Any CPU
		{0498368D-39CB-4242-B2DF-CE9AC4F6D1A4}.Release|Any CPU.ActiveCfg = Release|Any CPU
		{0498368D-39CB-4242-B2DF-CE9AC4F6D1A4}.Release|Any CPU.Build.0 = Release|Any CPU
		{6E74BC89-A84B-4D4D-911F-929B6D6461D2}.Debug|Any CPU.ActiveCfg = Debug|Any CPU
		{6E74BC89-A84B-4D4D-911F-929B6D6461D2}.Debug|Any CPU.Build.0 = Debug|Any CPU
		{6E74BC89-A84B-4D4D-911F-929B6D6461D2}.Release|Any CPU.ActiveCfg = Release|Any CPU
		{6E74BC89-A84B-4D4D-911F-929B6D6461D2}.Release|Any CPU.Build.0 = Release|Any CPU
		{8AC40CD8-92F4-4213-96A8-EC6CE8339FB2}.Debug|Any CPU.ActiveCfg = Debug|Any CPU
		{8AC40CD8-92F4-4213-96A8-EC6CE8339FB2}.Debug|Any CPU.Build.0 = Debug|Any CPU
		{8AC40CD8-92F4-4213-96A8-EC6CE8339FB2}.Release|Any CPU.ActiveCfg = Release|Any CPU
		{8AC40CD8-92F4-4213-96A8-EC6CE8339FB2}.Release|Any CPU.Build.0 = Release|Any CPU
		{A40FB9D9-BB5F-4549-BFB8-D0B951CBD6C1}.Debug|Any CPU.ActiveCfg = Debug|Any CPU
		{A40FB9D9-BB5F-4549-BFB8-D0B951CBD6C1}.Debug|Any CPU.Build.0 = Debug|Any CPU
		{A40FB9D9-BB5F-4549-BFB8-D0B951CBD6C1}.Release|Any CPU.ActiveCfg = Release|Any CPU
		{A40FB9D9-BB5F-4549-BFB8-D0B951CBD6C1}.Release|Any CPU.Build.0 = Release|Any CPU
		{FBE1726C-E865-4982-A9B3-7BF34126A6FA}.Debug|Any CPU.ActiveCfg = Debug|Any CPU
		{FBE1726C-E865-4982-A9B3-7BF34126A6FA}.Debug|Any CPU.Build.0 = Debug|Any CPU
		{FBE1726C-E865-4982-A9B3-7BF34126A6FA}.Release|Any CPU.ActiveCfg = Release|Any CPU
		{FBE1726C-E865-4982-A9B3-7BF34126A6FA}.Release|Any CPU.Build.0 = Release|Any CPU
		{CEEE8E4C-55AD-4202-9F2C-CF9B661E618F}.Debug|Any CPU.ActiveCfg = Debug|Any CPU
		{CEEE8E4C-55AD-4202-9F2C-CF9B661E618F}.Debug|Any CPU.Build.0 = Debug|Any CPU
		{CEEE8E4C-55AD-4202-9F2C-CF9B661E618F}.Release|Any CPU.ActiveCfg = Release|Any CPU
		{CEEE8E4C-55AD-4202-9F2C-CF9B661E618F}.Release|Any CPU.Build.0 = Release|Any CPU
		{3A7B02F5-DF9F-40E1-A500-A1005A45454B}.Debug|Any CPU.ActiveCfg = Debug|Any CPU
		{3A7B02F5-DF9F-40E1-A500-A1005A45454B}.Debug|Any CPU.Build.0 = Debug|Any CPU
		{3A7B02F5-DF9F-40E1-A500-A1005A45454B}.Release|Any CPU.ActiveCfg = Release|Any CPU
		{3A7B02F5-DF9F-40E1-A500-A1005A45454B}.Release|Any CPU.Build.0 = Release|Any CPU
	EndGlobalSection
	GlobalSection(SolutionProperties) = preSolution
		HideSolutionNode = FALSE
	EndGlobalSection
EndGlobal
