
Microsoft Visual Studio Solution File, Format Version 12.00
# Visual Studio 14
VisualStudioVersion = 14.0.25420.1
MinimumVisualStudioVersion = 10.0.40219.1
Project("{FAE04EC0-301F-11D3-BF4B-00C04F79EFBC}") = "Problem 1 – Hornet Wings", "EP V - Taking a Sample Exam\Problem 1 – Hornet Wings.csproj", "{1C4127A0-1FFD-421B-B706-4DFF329150DB}"
EndProject
Project("{FAE04EC0-301F-11D3-BF4B-00C04F79EFBC}") = "Problem 2 – Hornet Comm", "Problem 2 – Hornet Comm\Problem 2 – Hornet Comm.csproj", "{01211D50-1F0C-4178-A77D-137236410095}"
EndProject
Project("{FAE04EC0-301F-11D3-BF4B-00C04F79EFBC}") = "Problem 3 – Hornet Assault", "Problem 3 – Hornet Assault\Problem 3 – Hornet Assault.csproj", "{EE34EACD-727D-40E1-81D3-85400E7BF346}"
EndProject
Project("{FAE04EC0-301F-11D3-BF4B-00C04F79EFBC}") = "Problem 4 – Hornet Armada", "Problem 4 – Hornet Armada\Problem 4 – Hornet Armada.csproj", "{D4FE3EBE-F7DF-44C6-A166-2D9A90EADE02}"
EndProject
Global
	GlobalSection(SolutionConfigurationPlatforms) = preSolution
		Debug|Any CPU = Debug|Any CPU
		Release|Any CPU = Release|Any CPU
	EndGlobalSection
	GlobalSection(ProjectConfigurationPlatforms) = postSolution
		{1C4127A0-1FFD-421B-B706-4DFF329150DB}.Debug|Any CPU.ActiveCfg = Debug|Any CPU
		{1C4127A0-1FFD-421B-B706-4DFF329150DB}.Debug|Any CPU.Build.0 = Debug|Any CPU
		{1C4127A0-1FFD-421B-B706-4DFF329150DB}.Release|Any CPU.ActiveCfg = Release|Any CPU
		{1C4127A0-1FFD-421B-B706-4DFF329150DB}.Release|Any CPU.Build.0 = Release|Any CPU
		{01211D50-1F0C-4178-A77D-137236410095}.Debug|Any CPU.ActiveCfg = Debug|Any CPU
		{01211D50-1F0C-4178-A77D-137236410095}.Debug|Any CPU.Build.0 = Debug|Any CPU
		{01211D50-1F0C-4178-A77D-137236410095}.Release|Any CPU.ActiveCfg = Release|Any CPU
		{01211D50-1F0C-4178-A77D-137236410095}.Release|Any CPU.Build.0 = Release|Any CPU
		{EE34EACD-727D-40E1-81D3-85400E7BF346}.Debug|Any CPU.ActiveCfg = Debug|Any CPU
		{EE34EACD-727D-40E1-81D3-85400E7BF346}.Debug|Any CPU.Build.0 = Debug|Any CPU
		{EE34EACD-727D-40E1-81D3-85400E7BF346}.Release|Any CPU.ActiveCfg = Release|Any CPU
		{EE34EACD-727D-40E1-81D3-85400E7BF346}.Release|Any CPU.Build.0 = Release|Any CPU
		{D4FE3EBE-F7DF-44C6-A166-2D9A90EADE02}.Debug|Any CPU.ActiveCfg = Debug|Any CPU
		{D4FE3EBE-F7DF-44C6-A166-2D9A90EADE02}.Debug|Any CPU.Build.0 = Debug|Any CPU
		{D4FE3EBE-F7DF-44C6-A166-2D9A90EADE02}.Release|Any CPU.ActiveCfg = Release|Any CPU
		{D4FE3EBE-F7DF-44C6-A166-2D9A90EADE02}.Release|Any CPU.Build.0 = Release|Any CPU
	EndGlobalSection
	GlobalSection(SolutionProperties) = preSolution
		HideSolutionNode = FALSE
	EndGlobalSection
EndGlobal
