
Microsoft Visual Studio Solution File, Format Version 12.00
# Visual Studio 14
VisualStudioVersion = 14.0.25420.1
MinimumVisualStudioVersion = 10.0.40219.1
Project("{FAE04EC0-301F-11D3-BF4B-00C04F79EFBC}") = "1. Parking Lot", "1. Parking Lot\1. Parking Lot.csproj", "{16D93E0C-A350-4E4C-957E-23692670D52A}"
EndProject
Project("{FAE04EC0-301F-11D3-BF4B-00C04F79EFBC}") = "2.  SoftUni Party", "2.  SoftUni Party\2.  SoftUni Party.csproj", "{F795E147-AE4E-40CF-9047-C3A76C996B53}"
EndProject
Project("{FAE04EC0-301F-11D3-BF4B-00C04F79EFBC}") = "3.  Count Same Values in Array", "3.  Count Same Values in Array\3.  Count Same Values in Array.csproj", "{9D063047-C866-4690-95E9-86C237A72273}"
EndProject
Project("{FAE04EC0-301F-11D3-BF4B-00C04F79EFBC}") = "4. Academy Graduation", "4. Academy Graduation\4. Academy Graduation.csproj", "{111CAB1C-39E7-4983-ABA4-518E8C2844E2}"
EndProject
Global
	GlobalSection(SolutionConfigurationPlatforms) = preSolution
		Debug|Any CPU = Debug|Any CPU
		Release|Any CPU = Release|Any CPU
	EndGlobalSection
	GlobalSection(ProjectConfigurationPlatforms) = postSolution
		{16D93E0C-A350-4E4C-957E-23692670D52A}.Debug|Any CPU.ActiveCfg = Debug|Any CPU
		{16D93E0C-A350-4E4C-957E-23692670D52A}.Debug|Any CPU.Build.0 = Debug|Any CPU
		{16D93E0C-A350-4E4C-957E-23692670D52A}.Release|Any CPU.ActiveCfg = Release|Any CPU
		{16D93E0C-A350-4E4C-957E-23692670D52A}.Release|Any CPU.Build.0 = Release|Any CPU
		{F795E147-AE4E-40CF-9047-C3A76C996B53}.Debug|Any CPU.ActiveCfg = Debug|Any CPU
		{F795E147-AE4E-40CF-9047-C3A76C996B53}.Debug|Any CPU.Build.0 = Debug|Any CPU
		{F795E147-AE4E-40CF-9047-C3A76C996B53}.Release|Any CPU.ActiveCfg = Release|Any CPU
		{F795E147-AE4E-40CF-9047-C3A76C996B53}.Release|Any CPU.Build.0 = Release|Any CPU
		{9D063047-C866-4690-95E9-86C237A72273}.Debug|Any CPU.ActiveCfg = Debug|Any CPU
		{9D063047-C866-4690-95E9-86C237A72273}.Debug|Any CPU.Build.0 = Debug|Any CPU
		{9D063047-C866-4690-95E9-86C237A72273}.Release|Any CPU.ActiveCfg = Release|Any CPU
		{9D063047-C866-4690-95E9-86C237A72273}.Release|Any CPU.Build.0 = Release|Any CPU
		{111CAB1C-39E7-4983-ABA4-518E8C2844E2}.Debug|Any CPU.ActiveCfg = Debug|Any CPU
		{111CAB1C-39E7-4983-ABA4-518E8C2844E2}.Debug|Any CPU.Build.0 = Debug|Any CPU
		{111CAB1C-39E7-4983-ABA4-518E8C2844E2}.Release|Any CPU.ActiveCfg = Release|Any CPU
		{111CAB1C-39E7-4983-ABA4-518E8C2844E2}.Release|Any CPU.Build.0 = Release|Any CPU
	EndGlobalSection
	GlobalSection(SolutionProperties) = preSolution
		HideSolutionNode = FALSE
	EndGlobalSection
EndGlobal
