
Microsoft Visual Studio Solution File, Format Version 12.00
# Visual Studio 15
VisualStudioVersion = 15.0.27004.2005
MinimumVisualStudioVersion = 10.0.40219.1
Project("{FAE04EC0-301F-11D3-BF4B-00C04F79EFBC}") = "P01_StudentSystem", "P01_StudentSystem\P01_StudentSystem.csproj", "{88FF5F89-2843-4290-ACD9-AA9F39B73831}"
EndProject
Project("{FAE04EC0-301F-11D3-BF4B-00C04F79EFBC}") = "StudentSystemStartUp", "StudentSystemStartUp\StudentSystemStartUp.csproj", "{3C33AAE8-3C27-4358-A4D8-7C0173A18E61}"
EndProject
Global
	GlobalSection(SolutionConfigurationPlatforms) = preSolution
		Debug|Any CPU = Debug|Any CPU
		Release|Any CPU = Release|Any CPU
	EndGlobalSection
	GlobalSection(ProjectConfigurationPlatforms) = postSolution
		{88FF5F89-2843-4290-ACD9-AA9F39B73831}.Debug|Any CPU.ActiveCfg = Debug|Any CPU
		{88FF5F89-2843-4290-ACD9-AA9F39B73831}.Debug|Any CPU.Build.0 = Debug|Any CPU
		{88FF5F89-2843-4290-ACD9-AA9F39B73831}.Release|Any CPU.ActiveCfg = Release|Any CPU
		{88FF5F89-2843-4290-ACD9-AA9F39B73831}.Release|Any CPU.Build.0 = Release|Any CPU
		{3C33AAE8-3C27-4358-A4D8-7C0173A18E61}.Debug|Any CPU.ActiveCfg = Debug|Any CPU
		{3C33AAE8-3C27-4358-A4D8-7C0173A18E61}.Debug|Any CPU.Build.0 = Debug|Any CPU
		{3C33AAE8-3C27-4358-A4D8-7C0173A18E61}.Release|Any CPU.ActiveCfg = Release|Any CPU
		{3C33AAE8-3C27-4358-A4D8-7C0173A18E61}.Release|Any CPU.Build.0 = Release|Any CPU
	EndGlobalSection
	GlobalSection(SolutionProperties) = preSolution
		HideSolutionNode = FALSE
	EndGlobalSection
	GlobalSection(ExtensibilityGlobals) = postSolution
		SolutionGuid = {6A094645-E219-4FD4-AB5C-3F0272C8AEEA}
	EndGlobalSection
EndGlobal
