
Microsoft Visual Studio Solution File, Format Version 12.00
# Visual Studio 15
VisualStudioVersion = 15.0.27004.2005
MinimumVisualStudioVersion = 10.0.40219.1
Project("{FAE04EC0-301F-11D3-BF4B-00C04F79EFBC}") = "P01_StudentSystem", "P01_StudentSystem\P01_StudentSystem.csproj", "{F2D3206D-3744-433C-BB2B-785ABC7AF878}"
EndProject
Project("{FAE04EC0-301F-11D3-BF4B-00C04F79EFBC}") = "P01_StudentSystemStartUp", "P01_StudentSystemStartUp\P01_StudentSystemStartUp.csproj", "{150B8299-E0BE-424B-B3F3-9D3AD0E956C4}"
EndProject
Global
	GlobalSection(SolutionConfigurationPlatforms) = preSolution
		Debug|Any CPU = Debug|Any CPU
		Release|Any CPU = Release|Any CPU
	EndGlobalSection
	GlobalSection(ProjectConfigurationPlatforms) = postSolution
		{F2D3206D-3744-433C-BB2B-785ABC7AF878}.Debug|Any CPU.ActiveCfg = Debug|Any CPU
		{F2D3206D-3744-433C-BB2B-785ABC7AF878}.Debug|Any CPU.Build.0 = Debug|Any CPU
		{F2D3206D-3744-433C-BB2B-785ABC7AF878}.Release|Any CPU.ActiveCfg = Release|Any CPU
		{F2D3206D-3744-433C-BB2B-785ABC7AF878}.Release|Any CPU.Build.0 = Release|Any CPU
		{150B8299-E0BE-424B-B3F3-9D3AD0E956C4}.Debug|Any CPU.ActiveCfg = Debug|Any CPU
		{150B8299-E0BE-424B-B3F3-9D3AD0E956C4}.Debug|Any CPU.Build.0 = Debug|Any CPU
		{150B8299-E0BE-424B-B3F3-9D3AD0E956C4}.Release|Any CPU.ActiveCfg = Release|Any CPU
		{150B8299-E0BE-424B-B3F3-9D3AD0E956C4}.Release|Any CPU.Build.0 = Release|Any CPU
	EndGlobalSection
	GlobalSection(SolutionProperties) = preSolution
		HideSolutionNode = FALSE
	EndGlobalSection
	GlobalSection(ExtensibilityGlobals) = postSolution
		SolutionGuid = {571F31A4-4421-4278-ABFC-397C46F0988C}
	EndGlobalSection
EndGlobal
