
Microsoft Visual Studio Solution File, Format Version 12.00
# Visual Studio 15
VisualStudioVersion = 15.0.26730.12
MinimumVisualStudioVersion = 10.0.40219.1
Project("{FAE04EC0-301F-11D3-BF4B-00C04F79EFBC}") = "Problem 1. Class Box", "Problem 1. Class Box\Problem 1. Class Box.csproj", "{F35A42E5-15A1-44CE-A1BB-9B5ACE01C73E}"
EndProject
Project("{FAE04EC0-301F-11D3-BF4B-00C04F79EFBC}") = "Problem 2. Class Box Validation", "Problem 2. Class Box Validation\Problem 2. Class Box Validation.csproj", "{953F96E7-A2FC-42C9-900D-CAEBAA2CAB5E}"
EndProject
Project("{FAE04EC0-301F-11D3-BF4B-00C04F79EFBC}") = "Problem 3. Shopping Spree", "Problem 3. Shopping Spree\Problem 3. Shopping Spree.csproj", "{EF2399F9-3044-47BE-A8A5-754B40F6E073}"
EndProject
Project("{FAE04EC0-301F-11D3-BF4B-00C04F79EFBC}") = "Problem 4. Pizza Calories", "Problem 4. Pizza Calories\Problem 4. Pizza Calories.csproj", "{671FA926-9CD4-45AF-80F0-9B404A108F6F}"
EndProject
Global
	GlobalSection(SolutionConfigurationPlatforms) = preSolution
		Debug|Any CPU = Debug|Any CPU
		Release|Any CPU = Release|Any CPU
	EndGlobalSection
	GlobalSection(ProjectConfigurationPlatforms) = postSolution
		{F35A42E5-15A1-44CE-A1BB-9B5ACE01C73E}.Debug|Any CPU.ActiveCfg = Debug|Any CPU
		{F35A42E5-15A1-44CE-A1BB-9B5ACE01C73E}.Debug|Any CPU.Build.0 = Debug|Any CPU
		{F35A42E5-15A1-44CE-A1BB-9B5ACE01C73E}.Release|Any CPU.ActiveCfg = Release|Any CPU
		{F35A42E5-15A1-44CE-A1BB-9B5ACE01C73E}.Release|Any CPU.Build.0 = Release|Any CPU
		{953F96E7-A2FC-42C9-900D-CAEBAA2CAB5E}.Debug|Any CPU.ActiveCfg = Debug|Any CPU
		{953F96E7-A2FC-42C9-900D-CAEBAA2CAB5E}.Debug|Any CPU.Build.0 = Debug|Any CPU
		{953F96E7-A2FC-42C9-900D-CAEBAA2CAB5E}.Release|Any CPU.ActiveCfg = Release|Any CPU
		{953F96E7-A2FC-42C9-900D-CAEBAA2CAB5E}.Release|Any CPU.Build.0 = Release|Any CPU
		{EF2399F9-3044-47BE-A8A5-754B40F6E073}.Debug|Any CPU.ActiveCfg = Debug|Any CPU
		{EF2399F9-3044-47BE-A8A5-754B40F6E073}.Debug|Any CPU.Build.0 = Debug|Any CPU
		{EF2399F9-3044-47BE-A8A5-754B40F6E073}.Release|Any CPU.ActiveCfg = Release|Any CPU
		{EF2399F9-3044-47BE-A8A5-754B40F6E073}.Release|Any CPU.Build.0 = Release|Any CPU
		{671FA926-9CD4-45AF-80F0-9B404A108F6F}.Debug|Any CPU.ActiveCfg = Debug|Any CPU
		{671FA926-9CD4-45AF-80F0-9B404A108F6F}.Debug|Any CPU.Build.0 = Debug|Any CPU
		{671FA926-9CD4-45AF-80F0-9B404A108F6F}.Release|Any CPU.ActiveCfg = Release|Any CPU
		{671FA926-9CD4-45AF-80F0-9B404A108F6F}.Release|Any CPU.Build.0 = Release|Any CPU
	EndGlobalSection
	GlobalSection(SolutionProperties) = preSolution
		HideSolutionNode = FALSE
	EndGlobalSection
	GlobalSection(ExtensibilityGlobals) = postSolution
		SolutionGuid = {2D57838A-A46F-425E-B63D-8ED2CC2BA0D4}
	EndGlobalSection
EndGlobal
