
Microsoft Visual Studio Solution File, Format Version 12.00
# Visual Studio 14
VisualStudioVersion = 14.0.25420.1
MinimumVisualStudioVersion = 10.0.40219.1
Project("{FAE04EC0-301F-11D3-BF4B-00C04F79EFBC}") = "Problem 1. Choose a Drink", "Exercises C Conditional Statements\Problem 1. Choose a Drink.csproj", "{A865A140-B1D9-4A91-A4E7-1D213218F9E5}"
EndProject
Project("{FAE04EC0-301F-11D3-BF4B-00C04F79EFBC}") = "Problem 2. Choose a Drink 2.0", "Problem 2. Choose a Drink 2.0\Problem 2. Choose a Drink 2.0.csproj", "{0D6A56A4-3EB5-4E7F-90EB-7CF5581AC1B6}"
EndProject
Project("{FAE04EC0-301F-11D3-BF4B-00C04F79EFBC}") = "Problem 3. Restaurant Discount", "Problem 3. Restaurant Discount\Problem 3. Restaurant Discount.csproj", "{4B2459B6-737E-463A-88EA-0A4C7933D463}"
EndProject
Project("{FAE04EC0-301F-11D3-BF4B-00C04F79EFBC}") = "Problem 4. Hotel", "Problem 4. Hotel\Problem 4. Hotel.csproj", "{E47C1063-B921-4421-98FE-1F56A9ACEBCD}"
EndProject
Project("{FAE04EC0-301F-11D3-BF4B-00C04F79EFBC}") = "Problem 5. Word in Plural", "Problem 5. Word in Plural\Problem 5. Word in Plural.csproj", "{8F4317D6-2A9E-4C89-9C88-501FF379C671}"
EndProject
Project("{FAE04EC0-301F-11D3-BF4B-00C04F79EFBC}") = "Problem 6. Interval of Numbers", "Problem 6. Interval of Numbers\Problem 6. Interval of Numbers.csproj", "{5B7A1E92-1E98-4E83-A9FB-78204E148658}"
EndProject
Project("{FAE04EC0-301F-11D3-BF4B-00C04F79EFBC}") = "Problem 7. Cake Ingredients", "Problem 7. Cake Ingredients\Problem 7. Cake Ingredients.csproj", "{F97832BE-3493-4D56-8DDB-5A1C9EACB3A4}"
EndProject
Project("{FAE04EC0-301F-11D3-BF4B-00C04F79EFBC}") = "Problem 8. Calories Counter", "Problem 8. Calories Counter\Problem 8. Calories Counter.csproj", "{3C6E40D0-AC4D-43D4-821E-3F91273A6E70}"
EndProject
Project("{FAE04EC0-301F-11D3-BF4B-00C04F79EFBC}") = "Problem 9. Count the Integers", "Problem 9. Count the Integers\Problem 9. Count the Integers.csproj", "{A6E8BA55-7557-4238-AF13-A90E3D0339E0}"
EndProject
Project("{FAE04EC0-301F-11D3-BF4B-00C04F79EFBC}") = "Problem 10. Triangle of Numbers", "Problem 10. Triangle of Numbers\Problem 10. Triangle of Numbers.csproj", "{00D7802E-1649-4352-AC76-E6526DB81C9E}"
EndProject
Project("{FAE04EC0-301F-11D3-BF4B-00C04F79EFBC}") = "Problem 10. 5 Different Numbers", "Problem 10. 5 Different Numbers\Problem 10. 5 Different Numbers.csproj", "{30C3D91E-82AD-4E95-95C3-F9E89F391593}"
EndProject
Project("{FAE04EC0-301F-11D3-BF4B-00C04F79EFBC}") = "Problem 11. Test Numbers", "Problem 11. Test Numbers\Problem 11. Test Numbers.csproj", "{F32AA5A4-5E23-4238-9A2E-E30AE8E8ABE8}"
EndProject
Project("{FAE04EC0-301F-11D3-BF4B-00C04F79EFBC}") = "Problem 12. Game of Numbers", "Problem 12. Game of Numbers\Problem 12. Game of Numbers.csproj", "{379CA321-C9E3-4876-89D2-DE0B3C5B0E00}"
EndProject
Project("{FAE04EC0-301F-11D3-BF4B-00C04F79EFBC}") = "Problem 13. Magic Letter", "Problem 13. Magic Letter\Problem 13. Magic Letter.csproj", "{93A0DD29-F2B8-4CBF-B723-9234E0ED48C4}"
EndProject
Project("{FAE04EC0-301F-11D3-BF4B-00C04F79EFBC}") = "Problem 14. Neighbour Wars", "Problem 14. Neighbour Wars\Problem 14. Neighbour Wars.csproj", "{1F42045B-404E-431C-B258-C9CC7FDE7A0B}"
EndProject
Global
	GlobalSection(SolutionConfigurationPlatforms) = preSolution
		Debug|Any CPU = Debug|Any CPU
		Release|Any CPU = Release|Any CPU
	EndGlobalSection
	GlobalSection(ProjectConfigurationPlatforms) = postSolution
		{A865A140-B1D9-4A91-A4E7-1D213218F9E5}.Debug|Any CPU.ActiveCfg = Debug|Any CPU
		{A865A140-B1D9-4A91-A4E7-1D213218F9E5}.Debug|Any CPU.Build.0 = Debug|Any CPU
		{A865A140-B1D9-4A91-A4E7-1D213218F9E5}.Release|Any CPU.ActiveCfg = Release|Any CPU
		{A865A140-B1D9-4A91-A4E7-1D213218F9E5}.Release|Any CPU.Build.0 = Release|Any CPU
		{0D6A56A4-3EB5-4E7F-90EB-7CF5581AC1B6}.Debug|Any CPU.ActiveCfg = Debug|Any CPU
		{0D6A56A4-3EB5-4E7F-90EB-7CF5581AC1B6}.Debug|Any CPU.Build.0 = Debug|Any CPU
		{0D6A56A4-3EB5-4E7F-90EB-7CF5581AC1B6}.Release|Any CPU.ActiveCfg = Release|Any CPU
		{0D6A56A4-3EB5-4E7F-90EB-7CF5581AC1B6}.Release|Any CPU.Build.0 = Release|Any CPU
		{4B2459B6-737E-463A-88EA-0A4C7933D463}.Debug|Any CPU.ActiveCfg = Debug|Any CPU
		{4B2459B6-737E-463A-88EA-0A4C7933D463}.Debug|Any CPU.Build.0 = Debug|Any CPU
		{4B2459B6-737E-463A-88EA-0A4C7933D463}.Release|Any CPU.ActiveCfg = Release|Any CPU
		{4B2459B6-737E-463A-88EA-0A4C7933D463}.Release|Any CPU.Build.0 = Release|Any CPU
		{E47C1063-B921-4421-98FE-1F56A9ACEBCD}.Debug|Any CPU.ActiveCfg = Debug|Any CPU
		{E47C1063-B921-4421-98FE-1F56A9ACEBCD}.Debug|Any CPU.Build.0 = Debug|Any CPU
		{E47C1063-B921-4421-98FE-1F56A9ACEBCD}.Release|Any CPU.ActiveCfg = Release|Any CPU
		{E47C1063-B921-4421-98FE-1F56A9ACEBCD}.Release|Any CPU.Build.0 = Release|Any CPU
		{8F4317D6-2A9E-4C89-9C88-501FF379C671}.Debug|Any CPU.ActiveCfg = Debug|Any CPU
		{8F4317D6-2A9E-4C89-9C88-501FF379C671}.Debug|Any CPU.Build.0 = Debug|Any CPU
		{8F4317D6-2A9E-4C89-9C88-501FF379C671}.Release|Any CPU.ActiveCfg = Release|Any CPU
		{8F4317D6-2A9E-4C89-9C88-501FF379C671}.Release|Any CPU.Build.0 = Release|Any CPU
		{5B7A1E92-1E98-4E83-A9FB-78204E148658}.Debug|Any CPU.ActiveCfg = Debug|Any CPU
		{5B7A1E92-1E98-4E83-A9FB-78204E148658}.Debug|Any CPU.Build.0 = Debug|Any CPU
		{5B7A1E92-1E98-4E83-A9FB-78204E148658}.Release|Any CPU.ActiveCfg = Release|Any CPU
		{5B7A1E92-1E98-4E83-A9FB-78204E148658}.Release|Any CPU.Build.0 = Release|Any CPU
		{F97832BE-3493-4D56-8DDB-5A1C9EACB3A4}.Debug|Any CPU.ActiveCfg = Debug|Any CPU
		{F97832BE-3493-4D56-8DDB-5A1C9EACB3A4}.Debug|Any CPU.Build.0 = Debug|Any CPU
		{F97832BE-3493-4D56-8DDB-5A1C9EACB3A4}.Release|Any CPU.ActiveCfg = Release|Any CPU
		{F97832BE-3493-4D56-8DDB-5A1C9EACB3A4}.Release|Any CPU.Build.0 = Release|Any CPU
		{3C6E40D0-AC4D-43D4-821E-3F91273A6E70}.Debug|Any CPU.ActiveCfg = Debug|Any CPU
		{3C6E40D0-AC4D-43D4-821E-3F91273A6E70}.Debug|Any CPU.Build.0 = Debug|Any CPU
		{3C6E40D0-AC4D-43D4-821E-3F91273A6E70}.Release|Any CPU.ActiveCfg = Release|Any CPU
		{3C6E40D0-AC4D-43D4-821E-3F91273A6E70}.Release|Any CPU.Build.0 = Release|Any CPU
		{A6E8BA55-7557-4238-AF13-A90E3D0339E0}.Debug|Any CPU.ActiveCfg = Debug|Any CPU
		{A6E8BA55-7557-4238-AF13-A90E3D0339E0}.Debug|Any CPU.Build.0 = Debug|Any CPU
		{A6E8BA55-7557-4238-AF13-A90E3D0339E0}.Release|Any CPU.ActiveCfg = Release|Any CPU
		{A6E8BA55-7557-4238-AF13-A90E3D0339E0}.Release|Any CPU.Build.0 = Release|Any CPU
		{00D7802E-1649-4352-AC76-E6526DB81C9E}.Debug|Any CPU.ActiveCfg = Debug|Any CPU
		{00D7802E-1649-4352-AC76-E6526DB81C9E}.Debug|Any CPU.Build.0 = Debug|Any CPU
		{00D7802E-1649-4352-AC76-E6526DB81C9E}.Release|Any CPU.ActiveCfg = Release|Any CPU
		{00D7802E-1649-4352-AC76-E6526DB81C9E}.Release|Any CPU.Build.0 = Release|Any CPU
		{30C3D91E-82AD-4E95-95C3-F9E89F391593}.Debug|Any CPU.ActiveCfg = Debug|Any CPU
		{30C3D91E-82AD-4E95-95C3-F9E89F391593}.Debug|Any CPU.Build.0 = Debug|Any CPU
		{30C3D91E-82AD-4E95-95C3-F9E89F391593}.Release|Any CPU.ActiveCfg = Release|Any CPU
		{30C3D91E-82AD-4E95-95C3-F9E89F391593}.Release|Any CPU.Build.0 = Release|Any CPU
		{F32AA5A4-5E23-4238-9A2E-E30AE8E8ABE8}.Debug|Any CPU.ActiveCfg = Debug|Any CPU
		{F32AA5A4-5E23-4238-9A2E-E30AE8E8ABE8}.Debug|Any CPU.Build.0 = Debug|Any CPU
		{F32AA5A4-5E23-4238-9A2E-E30AE8E8ABE8}.Release|Any CPU.ActiveCfg = Release|Any CPU
		{F32AA5A4-5E23-4238-9A2E-E30AE8E8ABE8}.Release|Any CPU.Build.0 = Release|Any CPU
		{379CA321-C9E3-4876-89D2-DE0B3C5B0E00}.Debug|Any CPU.ActiveCfg = Debug|Any CPU
		{379CA321-C9E3-4876-89D2-DE0B3C5B0E00}.Debug|Any CPU.Build.0 = Debug|Any CPU
		{379CA321-C9E3-4876-89D2-DE0B3C5B0E00}.Release|Any CPU.ActiveCfg = Release|Any CPU
		{379CA321-C9E3-4876-89D2-DE0B3C5B0E00}.Release|Any CPU.Build.0 = Release|Any CPU
		{93A0DD29-F2B8-4CBF-B723-9234E0ED48C4}.Debug|Any CPU.ActiveCfg = Debug|Any CPU
		{93A0DD29-F2B8-4CBF-B723-9234E0ED48C4}.Debug|Any CPU.Build.0 = Debug|Any CPU
		{93A0DD29-F2B8-4CBF-B723-9234E0ED48C4}.Release|Any CPU.ActiveCfg = Release|Any CPU
		{93A0DD29-F2B8-4CBF-B723-9234E0ED48C4}.Release|Any CPU.Build.0 = Release|Any CPU
		{1F42045B-404E-431C-B258-C9CC7FDE7A0B}.Debug|Any CPU.ActiveCfg = Debug|Any CPU
		{1F42045B-404E-431C-B258-C9CC7FDE7A0B}.Debug|Any CPU.Build.0 = Debug|Any CPU
		{1F42045B-404E-431C-B258-C9CC7FDE7A0B}.Release|Any CPU.ActiveCfg = Release|Any CPU
		{1F42045B-404E-431C-B258-C9CC7FDE7A0B}.Release|Any CPU.Build.0 = Release|Any CPU
	EndGlobalSection
	GlobalSection(SolutionProperties) = preSolution
		HideSolutionNode = FALSE
	EndGlobalSection
EndGlobal
