
Microsoft Visual Studio Solution File, Format Version 12.00
# Visual Studio 14
VisualStudioVersion = 14.0.25420.1
MinimumVisualStudioVersion = 10.0.40219.1
Project("{FAE04EC0-301F-11D3-BF4B-00C04F79EFBC}") = "PF - 4. Elevator", "PF - 4. Elevator\PF - 4. Elevator.csproj", "{1B76D5F6-0262-4E4F-B999-115DC6A6F5FB}"
EndProject
Global
	GlobalSection(SolutionConfigurationPlatforms) = preSolution
		Debug|Any CPU = Debug|Any CPU
		Release|Any CPU = Release|Any CPU
	EndGlobalSection
	GlobalSection(ProjectConfigurationPlatforms) = postSolution
		{1B76D5F6-0262-4E4F-B999-115DC6A6F5FB}.Debug|Any CPU.ActiveCfg = Debug|Any CPU
		{1B76D5F6-0262-4E4F-B999-115DC6A6F5FB}.Debug|Any CPU.Build.0 = Debug|Any CPU
		{1B76D5F6-0262-4E4F-B999-115DC6A6F5FB}.Release|Any CPU.ActiveCfg = Release|Any CPU
		{1B76D5F6-0262-4E4F-B999-115DC6A6F5FB}.Release|Any CPU.Build.0 = Release|Any CPU
	EndGlobalSection
	GlobalSection(SolutionProperties) = preSolution
		HideSolutionNode = FALSE
	EndGlobalSection
EndGlobal
